
Microsoft Visual Studio Solution File, Format Version 12.00
# Visual Studio Version 17
VisualStudioVersion = 17.1.31911.260
MinimumVisualStudioVersion = 10.0.40219.1
Project("{9A19103F-16F7-4668-BE54-9A1E7A4F7556}") = "PixiEditor", "PixiEditor\PixiEditor.csproj", "{2CCDDE79-06CB-4771-AF85-7B25313EBA30}"
EndProject
Project("{9A19103F-16F7-4668-BE54-9A1E7A4F7556}") = "PixiEditor.UpdateInstaller", "PixiEditor.UpdateInstaller\PixiEditor.UpdateInstaller.csproj", "{41B40602-2E8C-4B76-9BDB-B9FDE686ACCE}"
EndProject
Project("{9A19103F-16F7-4668-BE54-9A1E7A4F7556}") = "PixiEditor.UpdateModule", "PixiEditor.UpdateModule\PixiEditor.UpdateModule.csproj", "{80BB2920-3DC0-406C-9E2B-30B08D5CC7A8}"
EndProject
Project("{9A19103F-16F7-4668-BE54-9A1E7A4F7556}") = "PixiEditorTests", "PixiEditorTests\PixiEditorTests.csproj", "{5193C1C1-8362-40FD-802B-E097E8C88082}"
EndProject
Project("{2150E333-8FDC-42A3-9474-1A3956D46DE8}") = "BuildConfiguration", "BuildConfiguration", "{9337E60D-8425-4E87-950C-F07A09518081}"
	ProjectSection(SolutionItems) = preProject
		Custom.ruleset = Custom.ruleset
		Directory.Build.props = Directory.Build.props
		stylecop.json = stylecop.json
	EndProjectSection
EndProject
Project("{C7167F0D-BC9F-4E6E-AFE1-012C56B48DB5}") = "PixiEditor.MSIX", "PixiEditor.MSIX\PixiEditor.MSIX.wapproj", "{1F97F972-F9E8-4F35-A8B5-3F71408D2230}"
EndProject
Global
	GlobalSection(SolutionConfigurationPlatforms) = preSolution
		Debug|Any CPU = Debug|Any CPU
		Debug|x64 = Debug|x64
		Debug|x86 = Debug|x86
		Dev Release|Any CPU = Dev Release|Any CPU
		Dev Release|x64 = Dev Release|x64
		Dev Release|x86 = Dev Release|x86
		MSIX Debug|Any CPU = MSIX Debug|Any CPU
		MSIX Debug|x64 = MSIX Debug|x64
		MSIX Debug|x86 = MSIX Debug|x86
		MSIX|Any CPU = MSIX|Any CPU
		MSIX|x64 = MSIX|x64
		MSIX|x86 = MSIX|x86
		Release|Any CPU = Release|Any CPU
		Release|x64 = Release|x64
		Release|x86 = Release|x86
	EndGlobalSection
	GlobalSection(ProjectConfigurationPlatforms) = postSolution
		{2CCDDE79-06CB-4771-AF85-7B25313EBA30}.Debug|Any CPU.ActiveCfg = Debug|Any CPU
		{2CCDDE79-06CB-4771-AF85-7B25313EBA30}.Debug|Any CPU.Build.0 = Debug|Any CPU
		{2CCDDE79-06CB-4771-AF85-7B25313EBA30}.Debug|x64.ActiveCfg = Debug|x64
		{2CCDDE79-06CB-4771-AF85-7B25313EBA30}.Debug|x64.Build.0 = Debug|x64
		{2CCDDE79-06CB-4771-AF85-7B25313EBA30}.Debug|x86.ActiveCfg = Debug|x86
		{2CCDDE79-06CB-4771-AF85-7B25313EBA30}.Debug|x86.Build.0 = Debug|x86
		{2CCDDE79-06CB-4771-AF85-7B25313EBA30}.Dev Release|Any CPU.ActiveCfg = Dev Release|Any CPU
		{2CCDDE79-06CB-4771-AF85-7B25313EBA30}.Dev Release|Any CPU.Build.0 = Dev Release|Any CPU
		{2CCDDE79-06CB-4771-AF85-7B25313EBA30}.Dev Release|x64.ActiveCfg = Dev Release|x64
		{2CCDDE79-06CB-4771-AF85-7B25313EBA30}.Dev Release|x64.Build.0 = Dev Release|x64
		{2CCDDE79-06CB-4771-AF85-7B25313EBA30}.Dev Release|x86.ActiveCfg = Dev Release|x86
		{2CCDDE79-06CB-4771-AF85-7B25313EBA30}.Dev Release|x86.Build.0 = Dev Release|x86
		{2CCDDE79-06CB-4771-AF85-7B25313EBA30}.MSIX Debug|Any CPU.ActiveCfg = MSIX Debug|Any CPU
		{2CCDDE79-06CB-4771-AF85-7B25313EBA30}.MSIX Debug|Any CPU.Build.0 = MSIX Debug|Any CPU
		{2CCDDE79-06CB-4771-AF85-7B25313EBA30}.MSIX Debug|x64.ActiveCfg = MSIX Debug|x64
		{2CCDDE79-06CB-4771-AF85-7B25313EBA30}.MSIX Debug|x64.Build.0 = MSIX Debug|x64
		{2CCDDE79-06CB-4771-AF85-7B25313EBA30}.MSIX Debug|x86.ActiveCfg = Debug|x86
		{2CCDDE79-06CB-4771-AF85-7B25313EBA30}.MSIX Debug|x86.Build.0 = Debug|x86
		{2CCDDE79-06CB-4771-AF85-7B25313EBA30}.MSIX|Any CPU.ActiveCfg = MSIX|Any CPU
		{2CCDDE79-06CB-4771-AF85-7B25313EBA30}.MSIX|Any CPU.Build.0 = MSIX|Any CPU
		{2CCDDE79-06CB-4771-AF85-7B25313EBA30}.MSIX|x64.ActiveCfg = MSIX|x64
		{2CCDDE79-06CB-4771-AF85-7B25313EBA30}.MSIX|x64.Build.0 = MSIX|x64
		{2CCDDE79-06CB-4771-AF85-7B25313EBA30}.MSIX|x86.ActiveCfg = Release|x86
		{2CCDDE79-06CB-4771-AF85-7B25313EBA30}.MSIX|x86.Build.0 = Release|x86
		{2CCDDE79-06CB-4771-AF85-7B25313EBA30}.Release|Any CPU.ActiveCfg = Release|Any CPU
		{2CCDDE79-06CB-4771-AF85-7B25313EBA30}.Release|Any CPU.Build.0 = Release|Any CPU
		{2CCDDE79-06CB-4771-AF85-7B25313EBA30}.Release|x64.ActiveCfg = Release|x64
		{2CCDDE79-06CB-4771-AF85-7B25313EBA30}.Release|x64.Build.0 = Release|x64
		{2CCDDE79-06CB-4771-AF85-7B25313EBA30}.Release|x86.ActiveCfg = Release|x86
		{2CCDDE79-06CB-4771-AF85-7B25313EBA30}.Release|x86.Build.0 = Release|x86
		{41B40602-2E8C-4B76-9BDB-B9FDE686ACCE}.Debug|Any CPU.ActiveCfg = Debug|Any CPU
		{41B40602-2E8C-4B76-9BDB-B9FDE686ACCE}.Debug|Any CPU.Build.0 = Debug|Any CPU
		{41B40602-2E8C-4B76-9BDB-B9FDE686ACCE}.Debug|x64.ActiveCfg = Debug|x64
		{41B40602-2E8C-4B76-9BDB-B9FDE686ACCE}.Debug|x64.Build.0 = Debug|x64
		{41B40602-2E8C-4B76-9BDB-B9FDE686ACCE}.Debug|x86.ActiveCfg = Debug|x86
		{41B40602-2E8C-4B76-9BDB-B9FDE686ACCE}.Debug|x86.Build.0 = Debug|x86
		{41B40602-2E8C-4B76-9BDB-B9FDE686ACCE}.Dev Release|Any CPU.ActiveCfg = Release|Any CPU
		{41B40602-2E8C-4B76-9BDB-B9FDE686ACCE}.Dev Release|Any CPU.Build.0 = Release|Any CPU
		{41B40602-2E8C-4B76-9BDB-B9FDE686ACCE}.Dev Release|x64.ActiveCfg = Release|x64
		{41B40602-2E8C-4B76-9BDB-B9FDE686ACCE}.Dev Release|x64.Build.0 = Release|x64
		{41B40602-2E8C-4B76-9BDB-B9FDE686ACCE}.Dev Release|x86.ActiveCfg = Release|x86
		{41B40602-2E8C-4B76-9BDB-B9FDE686ACCE}.Dev Release|x86.Build.0 = Release|x86
		{41B40602-2E8C-4B76-9BDB-B9FDE686ACCE}.MSIX Debug|Any CPU.ActiveCfg = Debug|Any CPU
		{41B40602-2E8C-4B76-9BDB-B9FDE686ACCE}.MSIX Debug|Any CPU.Build.0 = Debug|Any CPU
		{41B40602-2E8C-4B76-9BDB-B9FDE686ACCE}.MSIX Debug|x64.ActiveCfg = Debug|x64
		{41B40602-2E8C-4B76-9BDB-B9FDE686ACCE}.MSIX Debug|x64.Build.0 = Debug|x64
		{41B40602-2E8C-4B76-9BDB-B9FDE686ACCE}.MSIX Debug|x86.ActiveCfg = Debug|x86
		{41B40602-2E8C-4B76-9BDB-B9FDE686ACCE}.MSIX Debug|x86.Build.0 = Debug|x86
		{41B40602-2E8C-4B76-9BDB-B9FDE686ACCE}.MSIX|Any CPU.ActiveCfg = Release|Any CPU
		{41B40602-2E8C-4B76-9BDB-B9FDE686ACCE}.MSIX|Any CPU.Build.0 = Release|Any CPU
		{41B40602-2E8C-4B76-9BDB-B9FDE686ACCE}.MSIX|x64.ActiveCfg = Release|x64
		{41B40602-2E8C-4B76-9BDB-B9FDE686ACCE}.MSIX|x64.Build.0 = Release|x64
		{41B40602-2E8C-4B76-9BDB-B9FDE686ACCE}.MSIX|x86.ActiveCfg = Release|x86
		{41B40602-2E8C-4B76-9BDB-B9FDE686ACCE}.MSIX|x86.Build.0 = Release|x86
		{41B40602-2E8C-4B76-9BDB-B9FDE686ACCE}.Release|Any CPU.ActiveCfg = Release|Any CPU
		{41B40602-2E8C-4B76-9BDB-B9FDE686ACCE}.Release|Any CPU.Build.0 = Release|Any CPU
		{41B40602-2E8C-4B76-9BDB-B9FDE686ACCE}.Release|x64.ActiveCfg = Release|x64
		{41B40602-2E8C-4B76-9BDB-B9FDE686ACCE}.Release|x64.Build.0 = Release|x64
		{41B40602-2E8C-4B76-9BDB-B9FDE686ACCE}.Release|x86.ActiveCfg = Release|x86
		{41B40602-2E8C-4B76-9BDB-B9FDE686ACCE}.Release|x86.Build.0 = Release|x86
		{80BB2920-3DC0-406C-9E2B-30B08D5CC7A8}.Debug|Any CPU.ActiveCfg = Debug|Any CPU
		{80BB2920-3DC0-406C-9E2B-30B08D5CC7A8}.Debug|Any CPU.Build.0 = Debug|Any CPU
		{80BB2920-3DC0-406C-9E2B-30B08D5CC7A8}.Debug|x64.ActiveCfg = Debug|x64
		{80BB2920-3DC0-406C-9E2B-30B08D5CC7A8}.Debug|x64.Build.0 = Debug|x64
		{80BB2920-3DC0-406C-9E2B-30B08D5CC7A8}.Debug|x86.ActiveCfg = Debug|x86
		{80BB2920-3DC0-406C-9E2B-30B08D5CC7A8}.Debug|x86.Build.0 = Debug|x86
		{80BB2920-3DC0-406C-9E2B-30B08D5CC7A8}.Dev Release|Any CPU.ActiveCfg = Release|Any CPU
		{80BB2920-3DC0-406C-9E2B-30B08D5CC7A8}.Dev Release|Any CPU.Build.0 = Release|Any CPU
		{80BB2920-3DC0-406C-9E2B-30B08D5CC7A8}.Dev Release|x64.ActiveCfg = Release|x64
		{80BB2920-3DC0-406C-9E2B-30B08D5CC7A8}.Dev Release|x64.Build.0 = Release|x64
		{80BB2920-3DC0-406C-9E2B-30B08D5CC7A8}.Dev Release|x86.ActiveCfg = Release|x86
		{80BB2920-3DC0-406C-9E2B-30B08D5CC7A8}.Dev Release|x86.Build.0 = Release|x86
		{80BB2920-3DC0-406C-9E2B-30B08D5CC7A8}.MSIX Debug|Any CPU.ActiveCfg = Debug|Any CPU
		{80BB2920-3DC0-406C-9E2B-30B08D5CC7A8}.MSIX Debug|Any CPU.Build.0 = Debug|Any CPU
		{80BB2920-3DC0-406C-9E2B-30B08D5CC7A8}.MSIX Debug|x64.ActiveCfg = Debug|x64
		{80BB2920-3DC0-406C-9E2B-30B08D5CC7A8}.MSIX Debug|x64.Build.0 = Debug|x64
		{80BB2920-3DC0-406C-9E2B-30B08D5CC7A8}.MSIX Debug|x86.ActiveCfg = Debug|x86
		{80BB2920-3DC0-406C-9E2B-30B08D5CC7A8}.MSIX Debug|x86.Build.0 = Debug|x86
		{80BB2920-3DC0-406C-9E2B-30B08D5CC7A8}.MSIX|Any CPU.ActiveCfg = Release|Any CPU
		{80BB2920-3DC0-406C-9E2B-30B08D5CC7A8}.MSIX|Any CPU.Build.0 = Release|Any CPU
		{80BB2920-3DC0-406C-9E2B-30B08D5CC7A8}.MSIX|x64.ActiveCfg = Release|x64
		{80BB2920-3DC0-406C-9E2B-30B08D5CC7A8}.MSIX|x64.Build.0 = Release|x64
		{80BB2920-3DC0-406C-9E2B-30B08D5CC7A8}.MSIX|x86.ActiveCfg = Release|x86
		{80BB2920-3DC0-406C-9E2B-30B08D5CC7A8}.MSIX|x86.Build.0 = Release|x86
		{80BB2920-3DC0-406C-9E2B-30B08D5CC7A8}.Release|Any CPU.ActiveCfg = Release|Any CPU
		{80BB2920-3DC0-406C-9E2B-30B08D5CC7A8}.Release|Any CPU.Build.0 = Release|Any CPU
		{80BB2920-3DC0-406C-9E2B-30B08D5CC7A8}.Release|x64.ActiveCfg = Release|x64
		{80BB2920-3DC0-406C-9E2B-30B08D5CC7A8}.Release|x64.Build.0 = Release|x64
		{80BB2920-3DC0-406C-9E2B-30B08D5CC7A8}.Release|x86.ActiveCfg = Release|x86
		{80BB2920-3DC0-406C-9E2B-30B08D5CC7A8}.Release|x86.Build.0 = Release|x86
		{5193C1C1-8362-40FD-802B-E097E8C88082}.Debug|Any CPU.ActiveCfg = Debug|Any CPU
		{5193C1C1-8362-40FD-802B-E097E8C88082}.Debug|Any CPU.Build.0 = Debug|Any CPU
		{5193C1C1-8362-40FD-802B-E097E8C88082}.Debug|x64.ActiveCfg = Debug|x64
		{5193C1C1-8362-40FD-802B-E097E8C88082}.Debug|x64.Build.0 = Debug|x64
		{5193C1C1-8362-40FD-802B-E097E8C88082}.Debug|x86.ActiveCfg = Debug|x86
		{5193C1C1-8362-40FD-802B-E097E8C88082}.Debug|x86.Build.0 = Debug|x86
		{5193C1C1-8362-40FD-802B-E097E8C88082}.Dev Release|Any CPU.ActiveCfg = Release|Any CPU
		{5193C1C1-8362-40FD-802B-E097E8C88082}.Dev Release|Any CPU.Build.0 = Release|Any CPU
		{5193C1C1-8362-40FD-802B-E097E8C88082}.Dev Release|x64.ActiveCfg = Release|x64
		{5193C1C1-8362-40FD-802B-E097E8C88082}.Dev Release|x64.Build.0 = Release|x64
		{5193C1C1-8362-40FD-802B-E097E8C88082}.Dev Release|x86.ActiveCfg = Release|x86
		{5193C1C1-8362-40FD-802B-E097E8C88082}.Dev Release|x86.Build.0 = Release|x86
		{5193C1C1-8362-40FD-802B-E097E8C88082}.MSIX Debug|Any CPU.ActiveCfg = Debug|Any CPU
		{5193C1C1-8362-40FD-802B-E097E8C88082}.MSIX Debug|Any CPU.Build.0 = Debug|Any CPU
		{5193C1C1-8362-40FD-802B-E097E8C88082}.MSIX Debug|x64.ActiveCfg = Debug|x64
		{5193C1C1-8362-40FD-802B-E097E8C88082}.MSIX Debug|x64.Build.0 = Debug|x64
		{5193C1C1-8362-40FD-802B-E097E8C88082}.MSIX Debug|x86.ActiveCfg = Debug|x86
		{5193C1C1-8362-40FD-802B-E097E8C88082}.MSIX Debug|x86.Build.0 = Debug|x86
		{5193C1C1-8362-40FD-802B-E097E8C88082}.MSIX|Any CPU.ActiveCfg = Release|Any CPU
		{5193C1C1-8362-40FD-802B-E097E8C88082}.MSIX|Any CPU.Build.0 = Release|Any CPU
		{5193C1C1-8362-40FD-802B-E097E8C88082}.MSIX|x64.ActiveCfg = Release|x64
		{5193C1C1-8362-40FD-802B-E097E8C88082}.MSIX|x64.Build.0 = Release|x64
		{5193C1C1-8362-40FD-802B-E097E8C88082}.MSIX|x86.ActiveCfg = Release|x86
		{5193C1C1-8362-40FD-802B-E097E8C88082}.MSIX|x86.Build.0 = Release|x86
		{5193C1C1-8362-40FD-802B-E097E8C88082}.Release|Any CPU.ActiveCfg = Release|Any CPU
		{5193C1C1-8362-40FD-802B-E097E8C88082}.Release|Any CPU.Build.0 = Release|Any CPU
		{5193C1C1-8362-40FD-802B-E097E8C88082}.Release|x64.ActiveCfg = Release|x64
		{5193C1C1-8362-40FD-802B-E097E8C88082}.Release|x64.Build.0 = Release|x64
		{5193C1C1-8362-40FD-802B-E097E8C88082}.Release|x86.ActiveCfg = Release|x86
		{5193C1C1-8362-40FD-802B-E097E8C88082}.Release|x86.Build.0 = Release|x86
		{1F97F972-F9E8-4F35-A8B5-3F71408D2230}.Debug|Any CPU.ActiveCfg = Debug|Any CPU
		{1F97F972-F9E8-4F35-A8B5-3F71408D2230}.Debug|Any CPU.Build.0 = Debug|Any CPU
		{1F97F972-F9E8-4F35-A8B5-3F71408D2230}.Debug|Any CPU.Deploy.0 = Debug|Any CPU
		{1F97F972-F9E8-4F35-A8B5-3F71408D2230}.Debug|x64.ActiveCfg = Debug|x64
		{1F97F972-F9E8-4F35-A8B5-3F71408D2230}.Debug|x64.Build.0 = Debug|x64
		{1F97F972-F9E8-4F35-A8B5-3F71408D2230}.Debug|x64.Deploy.0 = Debug|x64
		{1F97F972-F9E8-4F35-A8B5-3F71408D2230}.Debug|x86.ActiveCfg = Debug|x86
		{1F97F972-F9E8-4F35-A8B5-3F71408D2230}.Debug|x86.Build.0 = Debug|x86
		{1F97F972-F9E8-4F35-A8B5-3F71408D2230}.Debug|x86.Deploy.0 = Debug|x86
		{1F97F972-F9E8-4F35-A8B5-3F71408D2230}.Dev Release|Any CPU.ActiveCfg = Release|Any CPU
		{1F97F972-F9E8-4F35-A8B5-3F71408D2230}.Dev Release|Any CPU.Build.0 = Release|Any CPU
		{1F97F972-F9E8-4F35-A8B5-3F71408D2230}.Dev Release|Any CPU.Deploy.0 = Release|Any CPU
		{1F97F972-F9E8-4F35-A8B5-3F71408D2230}.Dev Release|x64.ActiveCfg = Release|x64
		{1F97F972-F9E8-4F35-A8B5-3F71408D2230}.Dev Release|x64.Build.0 = Release|x64
		{1F97F972-F9E8-4F35-A8B5-3F71408D2230}.Dev Release|x64.Deploy.0 = Release|x64
		{1F97F972-F9E8-4F35-A8B5-3F71408D2230}.Dev Release|x86.ActiveCfg = Release|x86
		{1F97F972-F9E8-4F35-A8B5-3F71408D2230}.Dev Release|x86.Build.0 = Release|x86
		{1F97F972-F9E8-4F35-A8B5-3F71408D2230}.Dev Release|x86.Deploy.0 = Release|x86
		{1F97F972-F9E8-4F35-A8B5-3F71408D2230}.MSIX Debug|Any CPU.ActiveCfg = Debug|Any CPU
		{1F97F972-F9E8-4F35-A8B5-3F71408D2230}.MSIX Debug|Any CPU.Build.0 = Debug|Any CPU
		{1F97F972-F9E8-4F35-A8B5-3F71408D2230}.MSIX Debug|Any CPU.Deploy.0 = Debug|Any CPU
		{1F97F972-F9E8-4F35-A8B5-3F71408D2230}.MSIX Debug|x64.ActiveCfg = Debug|x64
		{1F97F972-F9E8-4F35-A8B5-3F71408D2230}.MSIX Debug|x64.Build.0 = Debug|x64
		{1F97F972-F9E8-4F35-A8B5-3F71408D2230}.MSIX Debug|x64.Deploy.0 = Debug|x64
		{1F97F972-F9E8-4F35-A8B5-3F71408D2230}.MSIX Debug|x86.ActiveCfg = Debug|x86
		{1F97F972-F9E8-4F35-A8B5-3F71408D2230}.MSIX Debug|x86.Build.0 = Debug|x86
		{1F97F972-F9E8-4F35-A8B5-3F71408D2230}.MSIX Debug|x86.Deploy.0 = Debug|x86
		{1F97F972-F9E8-4F35-A8B5-3F71408D2230}.MSIX|Any CPU.ActiveCfg = Release|Any CPU
		{1F97F972-F9E8-4F35-A8B5-3F71408D2230}.MSIX|Any CPU.Build.0 = Release|Any CPU
		{1F97F972-F9E8-4F35-A8B5-3F71408D2230}.MSIX|Any CPU.Deploy.0 = Release|Any CPU
		{1F97F972-F9E8-4F35-A8B5-3F71408D2230}.MSIX|x64.ActiveCfg = Release|x64
		{1F97F972-F9E8-4F35-A8B5-3F71408D2230}.MSIX|x64.Build.0 = Release|x64
		{1F97F972-F9E8-4F35-A8B5-3F71408D2230}.MSIX|x64.Deploy.0 = Release|x64
		{1F97F972-F9E8-4F35-A8B5-3F71408D2230}.MSIX|x86.ActiveCfg = Release|x86
		{1F97F972-F9E8-4F35-A8B5-3F71408D2230}.MSIX|x86.Build.0 = Release|x86
		{1F97F972-F9E8-4F35-A8B5-3F71408D2230}.MSIX|x86.Deploy.0 = Release|x86
		{1F97F972-F9E8-4F35-A8B5-3F71408D2230}.Release|Any CPU.ActiveCfg = Release|Any CPU
		{1F97F972-F9E8-4F35-A8B5-3F71408D2230}.Release|Any CPU.Build.0 = Release|Any CPU
		{1F97F972-F9E8-4F35-A8B5-3F71408D2230}.Release|Any CPU.Deploy.0 = Release|Any CPU
		{1F97F972-F9E8-4F35-A8B5-3F71408D2230}.Release|x64.ActiveCfg = Release|x64
		{1F97F972-F9E8-4F35-A8B5-3F71408D2230}.Release|x86.ActiveCfg = Release|x86
	EndGlobalSection
	GlobalSection(SolutionProperties) = preSolution
		HideSolutionNode = FALSE
	EndGlobalSection
	GlobalSection(ExtensibilityGlobals) = postSolution
		SolutionGuid = {D04B4AB0-CA33-42FD-A909-79966F9255C5}
	EndGlobalSection
EndGlobal
