
Microsoft Visual Studio Solution File, Format Version 12.00
# Visual Studio Version 17
VisualStudioVersion = 17.0.31903.59
MinimumVisualStudioVersion = 10.0.40219.1
Project("{FAE04EC0-301F-11D3-BF4B-00C04F79EFBC}") = "PixiEditor.Tests", "PixiEditor.Tests\PixiEditor.Tests.csproj", "{0EF3CAB9-7361-472C-8789-D17D4EA2DEBB}"
EndProject
Project("{FAE04EC0-301F-11D3-BF4B-00C04F79EFBC}") = "PixiEditor.AvaloniaUI.Desktop", "..\src\PixiEditor.AvaloniaUI.Desktop\PixiEditor.AvaloniaUI.Desktop.csproj", "{7F2DBBFC-FBDB-4772-806F-3B0829032DC0}"
EndProject
Project("{2150E333-8FDC-42A3-9474-1A3956D46DE8}") = "References", "References", "{E118E6FE-67E7-4472-A8D7-E7F470E66131}"
EndProject
Project("{2150E333-8FDC-42A3-9474-1A3956D46DE8}") = "Tests", "Tests", "{D914C08C-5F1A-4E13-AAA6-F25E8C9748E2}"
EndProject
Project("{FAE04EC0-301F-11D3-BF4B-00C04F79EFBC}") = "CGlueTestLib", "CGlueTestLib\CGlueTestLib.csproj", "{9C7FFCAD-DDC1-4B69-9B39-30FD4A566CCB}"
EndProject
Project("{FAE04EC0-301F-11D3-BF4B-00C04F79EFBC}") = "PixiEditor.Extensions.Wasm", "..\src\PixiEditor.Extensions.Wasm\PixiEditor.Extensions.Wasm.csproj", "{3C73AAB4-FA0C-475F-AAFE-DB682CB57027}"
EndProject
Project("{2150E333-8FDC-42A3-9474-1A3956D46DE8}") = "Libraries", "Libraries", "{AEB5E9CA-91FB-45DA-A9BF-7E286710C8EF}"
EndProject
Project("{FAE04EC0-301F-11D3-BF4B-00C04F79EFBC}") = "ChunkyImageLibTest", "ChunkyImageLibTest\ChunkyImageLibTest.csproj", "{4DC33EEF-4FD2-4038-BB0C-61E1B833A6B4}"
EndProject
Project("{FAE04EC0-301F-11D3-BF4B-00C04F79EFBC}") = "ChunkyImageLib", "..\src\ChunkyImageLib\ChunkyImageLib.csproj", "{493B3F23-DB1B-4633-8C6D-BAD18C59A239}"
EndProject
Project("{FAE04EC0-301F-11D3-BF4B-00C04F79EFBC}") = "PixiEditor.DrawingApi.Skia", "..\src\PixiEditor.DrawingApi.Skia\PixiEditor.DrawingApi.Skia.csproj", "{DCFF0D46-C19C-4E6D-984C-56A95781AE0B}"
EndProject
Project("{FAE04EC0-301F-11D3-BF4B-00C04F79EFBC}") = "PixiEditor.DrawingApi.Core", "..\src\PixiEditor.DrawingApi.Core\PixiEditor.DrawingApi.Core.csproj", "{61403ACE-FEA3-49E5-A916-68C0FADCFBE6}"
EndProject
Project("{FAE04EC0-301F-11D3-BF4B-00C04F79EFBC}") = "PixiEditor.Numerics", "..\src\PixiEditor.Numerics\PixiEditor.Numerics.csproj", "{025BE1C7-EC9D-452A-9BA4-1F1CF31431FB}"
EndProject
Project("{FAE04EC0-301F-11D3-BF4B-00C04F79EFBC}") = "PixiEditor.Api.CGlueMSBuild.Tests", "PixiEditor.Api.CGlueMSBuild.Tests\PixiEditor.Api.CGlueMSBuild.Tests.csproj", "{0CC4DF8D-4C6D-416E-98D9-27B318826490}"
EndProject
Project("{FAE04EC0-301F-11D3-BF4B-00C04F79EFBC}") = "PixiEditor.Api.CGlueMSBuild", "..\src\PixiEditor.Api.CGlueMSBuild\PixiEditor.Api.CGlueMSBuild.csproj", "{B2402415-02BA-41D1-8A6A-81B361DCE048}"
EndProject
Project("{FAE04EC0-301F-11D3-BF4B-00C04F79EFBC}") = "PixiEditor.Extensions.Tests", "PixiEditor.Extensions.Tests\PixiEditor.Extensions.Tests.csproj", "{B6AAC494-8D5E-4378-8305-84EC80C0A358}"
EndProject
Project("{FAE04EC0-301F-11D3-BF4B-00C04F79EFBC}") = "PixiEditor.Extensions.Wasm.Tests", "PixiEditor.Extensions.Wasm.Tests\PixiEditor.Extensions.Wasm.Tests.csproj", "{5851EC52-2875-4AC0-8C69-EA0B5E0D2B8A}"
EndProject
Project("{FAE04EC0-301F-11D3-BF4B-00C04F79EFBC}") = "PixiEditor.Extensions.WasmRuntime.Tests", "PixiEditor.Extensions.WasmRuntime.Tests\PixiEditor.Extensions.WasmRuntime.Tests.csproj", "{DA31D2E8-2AC2-41D1-921B-7571881EE85F}"
EndProject
Project("{FAE04EC0-301F-11D3-BF4B-00C04F79EFBC}") = "PixiEditor.Extensions.MSPackageBuilder", "..\src\PixiEditor.Extensions.MSPackageBuilder\PixiEditor.Extensions.MSPackageBuilder.csproj", "{6D965165-3B4D-4C70-A559-6AD093879D5A}"
EndProject
Global
	GlobalSection(SolutionConfigurationPlatforms) = preSolution
		Debug|Any CPU = Debug|Any CPU
		Release|Any CPU = Release|Any CPU
	EndGlobalSection
	GlobalSection(SolutionProperties) = preSolution
		HideSolutionNode = FALSE
	EndGlobalSection
	GlobalSection(ProjectConfigurationPlatforms) = postSolution
		{0EF3CAB9-7361-472C-8789-D17D4EA2DEBB}.Debug|Any CPU.ActiveCfg = Debug|Any CPU
		{0EF3CAB9-7361-472C-8789-D17D4EA2DEBB}.Debug|Any CPU.Build.0 = Debug|Any CPU
		{0EF3CAB9-7361-472C-8789-D17D4EA2DEBB}.Release|Any CPU.ActiveCfg = Release|Any CPU
		{0EF3CAB9-7361-472C-8789-D17D4EA2DEBB}.Release|Any CPU.Build.0 = Release|Any CPU
		{7F2DBBFC-FBDB-4772-806F-3B0829032DC0}.Debug|Any CPU.ActiveCfg = Debug|Any CPU
		{7F2DBBFC-FBDB-4772-806F-3B0829032DC0}.Debug|Any CPU.Build.0 = Debug|Any CPU
		{7F2DBBFC-FBDB-4772-806F-3B0829032DC0}.Release|Any CPU.ActiveCfg = Release|Any CPU
		{7F2DBBFC-FBDB-4772-806F-3B0829032DC0}.Release|Any CPU.Build.0 = Release|Any CPU
		{9C7FFCAD-DDC1-4B69-9B39-30FD4A566CCB}.Debug|Any CPU.ActiveCfg = Debug|Any CPU
		{9C7FFCAD-DDC1-4B69-9B39-30FD4A566CCB}.Debug|Any CPU.Build.0 = Debug|Any CPU
		{9C7FFCAD-DDC1-4B69-9B39-30FD4A566CCB}.Release|Any CPU.ActiveCfg = Release|Any CPU
		{9C7FFCAD-DDC1-4B69-9B39-30FD4A566CCB}.Release|Any CPU.Build.0 = Release|Any CPU
		{3C73AAB4-FA0C-475F-AAFE-DB682CB57027}.Debug|Any CPU.ActiveCfg = Debug|Any CPU
		{3C73AAB4-FA0C-475F-AAFE-DB682CB57027}.Debug|Any CPU.Build.0 = Debug|Any CPU
		{3C73AAB4-FA0C-475F-AAFE-DB682CB57027}.Release|Any CPU.ActiveCfg = Release|Any CPU
		{3C73AAB4-FA0C-475F-AAFE-DB682CB57027}.Release|Any CPU.Build.0 = Release|Any CPU
		{4DC33EEF-4FD2-4038-BB0C-61E1B833A6B4}.Debug|Any CPU.ActiveCfg = Debug|Any CPU
		{4DC33EEF-4FD2-4038-BB0C-61E1B833A6B4}.Debug|Any CPU.Build.0 = Debug|Any CPU
		{4DC33EEF-4FD2-4038-BB0C-61E1B833A6B4}.Release|Any CPU.ActiveCfg = Release|Any CPU
		{4DC33EEF-4FD2-4038-BB0C-61E1B833A6B4}.Release|Any CPU.Build.0 = Release|Any CPU
		{493B3F23-DB1B-4633-8C6D-BAD18C59A239}.Debug|Any CPU.ActiveCfg = Debug|x64
		{493B3F23-DB1B-4633-8C6D-BAD18C59A239}.Debug|Any CPU.Build.0 = Debug|x64
		{493B3F23-DB1B-4633-8C6D-BAD18C59A239}.Release|Any CPU.ActiveCfg = Release|x64
		{493B3F23-DB1B-4633-8C6D-BAD18C59A239}.Release|Any CPU.Build.0 = Release|x64
		{DCFF0D46-C19C-4E6D-984C-56A95781AE0B}.Debug|Any CPU.ActiveCfg = Debug|x64
		{DCFF0D46-C19C-4E6D-984C-56A95781AE0B}.Debug|Any CPU.Build.0 = Debug|x64
		{DCFF0D46-C19C-4E6D-984C-56A95781AE0B}.Release|Any CPU.ActiveCfg = Release|x64
		{DCFF0D46-C19C-4E6D-984C-56A95781AE0B}.Release|Any CPU.Build.0 = Release|x64
		{61403ACE-FEA3-49E5-A916-68C0FADCFBE6}.Debug|Any CPU.ActiveCfg = Debug|Any CPU
		{61403ACE-FEA3-49E5-A916-68C0FADCFBE6}.Debug|Any CPU.Build.0 = Debug|Any CPU
		{61403ACE-FEA3-49E5-A916-68C0FADCFBE6}.Release|Any CPU.ActiveCfg = Release|Any CPU
		{61403ACE-FEA3-49E5-A916-68C0FADCFBE6}.Release|Any CPU.Build.0 = Release|Any CPU
		{025BE1C7-EC9D-452A-9BA4-1F1CF31431FB}.Debug|Any CPU.ActiveCfg = Debug|Any CPU
		{025BE1C7-EC9D-452A-9BA4-1F1CF31431FB}.Debug|Any CPU.Build.0 = Debug|Any CPU
		{025BE1C7-EC9D-452A-9BA4-1F1CF31431FB}.Release|Any CPU.ActiveCfg = Release|Any CPU
		{025BE1C7-EC9D-452A-9BA4-1F1CF31431FB}.Release|Any CPU.Build.0 = Release|Any CPU
		{0CC4DF8D-4C6D-416E-98D9-27B318826490}.Debug|Any CPU.ActiveCfg = Debug|Any CPU
		{0CC4DF8D-4C6D-416E-98D9-27B318826490}.Debug|Any CPU.Build.0 = Debug|Any CPU
		{0CC4DF8D-4C6D-416E-98D9-27B318826490}.Release|Any CPU.ActiveCfg = Release|Any CPU
		{0CC4DF8D-4C6D-416E-98D9-27B318826490}.Release|Any CPU.Build.0 = Release|Any CPU
		{B2402415-02BA-41D1-8A6A-81B361DCE048}.Debug|Any CPU.ActiveCfg = Debug|Any CPU
		{B2402415-02BA-41D1-8A6A-81B361DCE048}.Debug|Any CPU.Build.0 = Debug|Any CPU
		{B2402415-02BA-41D1-8A6A-81B361DCE048}.Release|Any CPU.ActiveCfg = Release|Any CPU
		{B2402415-02BA-41D1-8A6A-81B361DCE048}.Release|Any CPU.Build.0 = Release|Any CPU
		{B6AAC494-8D5E-4378-8305-84EC80C0A358}.Debug|Any CPU.ActiveCfg = Debug|Any CPU
		{B6AAC494-8D5E-4378-8305-84EC80C0A358}.Debug|Any CPU.Build.0 = Debug|Any CPU
		{B6AAC494-8D5E-4378-8305-84EC80C0A358}.Release|Any CPU.ActiveCfg = Release|Any CPU
		{B6AAC494-8D5E-4378-8305-84EC80C0A358}.Release|Any CPU.Build.0 = Release|Any CPU
		{5851EC52-2875-4AC0-8C69-EA0B5E0D2B8A}.Debug|Any CPU.ActiveCfg = Debug|Any CPU
		{5851EC52-2875-4AC0-8C69-EA0B5E0D2B8A}.Debug|Any CPU.Build.0 = Debug|Any CPU
		{5851EC52-2875-4AC0-8C69-EA0B5E0D2B8A}.Release|Any CPU.ActiveCfg = Release|Any CPU
		{5851EC52-2875-4AC0-8C69-EA0B5E0D2B8A}.Release|Any CPU.Build.0 = Release|Any CPU
		{DA31D2E8-2AC2-41D1-921B-7571881EE85F}.Debug|Any CPU.ActiveCfg = Debug|Any CPU
		{DA31D2E8-2AC2-41D1-921B-7571881EE85F}.Debug|Any CPU.Build.0 = Debug|Any CPU
		{DA31D2E8-2AC2-41D1-921B-7571881EE85F}.Release|Any CPU.ActiveCfg = Release|Any CPU
		{DA31D2E8-2AC2-41D1-921B-7571881EE85F}.Release|Any CPU.Build.0 = Release|Any CPU
		{6D965165-3B4D-4C70-A559-6AD093879D5A}.Debug|Any CPU.ActiveCfg = Debug|Any CPU
		{6D965165-3B4D-4C70-A559-6AD093879D5A}.Debug|Any CPU.Build.0 = Debug|Any CPU
		{6D965165-3B4D-4C70-A559-6AD093879D5A}.Release|Any CPU.ActiveCfg = Release|Any CPU
		{6D965165-3B4D-4C70-A559-6AD093879D5A}.Release|Any CPU.Build.0 = Release|Any CPU
	EndGlobalSection
	GlobalSection(NestedProjects) = preSolution
		{7F2DBBFC-FBDB-4772-806F-3B0829032DC0} = {E118E6FE-67E7-4472-A8D7-E7F470E66131}
		{0EF3CAB9-7361-472C-8789-D17D4EA2DEBB} = {D914C08C-5F1A-4E13-AAA6-F25E8C9748E2}
		{3C73AAB4-FA0C-475F-AAFE-DB682CB57027} = {E118E6FE-67E7-4472-A8D7-E7F470E66131}
		{9C7FFCAD-DDC1-4B69-9B39-30FD4A566CCB} = {AEB5E9CA-91FB-45DA-A9BF-7E286710C8EF}
		{4DC33EEF-4FD2-4038-BB0C-61E1B833A6B4} = {D914C08C-5F1A-4E13-AAA6-F25E8C9748E2}
		{493B3F23-DB1B-4633-8C6D-BAD18C59A239} = {E118E6FE-67E7-4472-A8D7-E7F470E66131}
		{DCFF0D46-C19C-4E6D-984C-56A95781AE0B} = {E118E6FE-67E7-4472-A8D7-E7F470E66131}
		{61403ACE-FEA3-49E5-A916-68C0FADCFBE6} = {E118E6FE-67E7-4472-A8D7-E7F470E66131}
		{025BE1C7-EC9D-452A-9BA4-1F1CF31431FB} = {E118E6FE-67E7-4472-A8D7-E7F470E66131}
		{0CC4DF8D-4C6D-416E-98D9-27B318826490} = {D914C08C-5F1A-4E13-AAA6-F25E8C9748E2}
		{B2402415-02BA-41D1-8A6A-81B361DCE048} = {E118E6FE-67E7-4472-A8D7-E7F470E66131}
		{B6AAC494-8D5E-4378-8305-84EC80C0A358} = {D914C08C-5F1A-4E13-AAA6-F25E8C9748E2}
		{5851EC52-2875-4AC0-8C69-EA0B5E0D2B8A} = {D914C08C-5F1A-4E13-AAA6-F25E8C9748E2}
		{DA31D2E8-2AC2-41D1-921B-7571881EE85F} = {D914C08C-5F1A-4E13-AAA6-F25E8C9748E2}
	EndGlobalSection
EndGlobal
