
Microsoft Visual Studio Solution File, Format Version 12.00
# Visual Studio Version 17
VisualStudioVersion = 17.0.31903.59
MinimumVisualStudioVersion = 10.0.40219.1
Project("{FAE04EC0-301F-11D3-BF4B-00C04F79EFBC}") = "PixiEditor.Tests", "PixiEditor.Tests\PixiEditor.Tests.csproj", "{0EF3CAB9-7361-472C-8789-D17D4EA2DEBB}"
EndProject
Project("{2150E333-8FDC-42A3-9474-1A3956D46DE8}") = "References", "References", "{E118E6FE-67E7-4472-A8D7-E7F470E66131}"
EndProject
Project("{2150E333-8FDC-42A3-9474-1A3956D46DE8}") = "Tests", "Tests", "{D914C08C-5F1A-4E13-AAA6-F25E8C9748E2}"
EndProject
Project("{FAE04EC0-301F-11D3-BF4B-00C04F79EFBC}") = "CGlueTestLib", "CGlueTestLib\CGlueTestLib.csproj", "{9C7FFCAD-DDC1-4B69-9B39-30FD4A566CCB}"
EndProject
Project("{FAE04EC0-301F-11D3-BF4B-00C04F79EFBC}") = "PixiEditor.Extensions.Sdk", "..\src\PixiEditor.Extensions.Sdk\PixiEditor.Extensions.Sdk.csproj", "{3C73AAB4-FA0C-475F-AAFE-DB682CB57027}"
EndProject
Project("{2150E333-8FDC-42A3-9474-1A3956D46DE8}") = "Libraries", "Libraries", "{AEB5E9CA-91FB-45DA-A9BF-7E286710C8EF}"
EndProject
Project("{FAE04EC0-301F-11D3-BF4B-00C04F79EFBC}") = "ChunkyImageLibTest", "ChunkyImageLibTest\ChunkyImageLibTest.csproj", "{4DC33EEF-4FD2-4038-BB0C-61E1B833A6B4}"
EndProject
Project("{FAE04EC0-301F-11D3-BF4B-00C04F79EFBC}") = "ChunkyImageLib", "..\src\ChunkyImageLib\ChunkyImageLib.csproj", "{493B3F23-DB1B-4633-8C6D-BAD18C59A239}"
EndProject
Project("{9A19103F-16F7-4668-BE54-9A1E7A4F7556}") = "PixiEditor.Zoombox", "..\src\PixiEditor.Zoombox\PixiEditor.Zoombox.csproj", "{69DD5830-C682-49FB-B1A5-D2A506EEA06B}"
EndProject
Project("{9A19103F-16F7-4668-BE54-9A1E7A4F7556}") = "PixiEditor.Platform.Steam", "..\src\PixiEditor.Platform.Steam\PixiEditor.Platform.Steam.csproj", "{9BCD0764-9C16-4A2A-B153-C676FEF38887}"
EndProject
Project("{9A19103F-16F7-4668-BE54-9A1E7A4F7556}") = "PixiEditor.Platform.MSStore", "..\src\PixiEditor.Platform.MSStore\PixiEditor.Platform.MSStore.csproj", "{8EF48E6C-8219-4EE2-87C6-5176D8D092E6}"
EndProject
Project("{FAE04EC0-301F-11D3-BF4B-00C04F79EFBC}") = "PixiEditor.Api.CGlueMSBuild.Tests", "PixiEditor.Api.CGlueMSBuild.Tests\PixiEditor.Api.CGlueMSBuild.Tests.csproj", "{0CC4DF8D-4C6D-416E-98D9-27B318826490}"
EndProject
Project("{FAE04EC0-301F-11D3-BF4B-00C04F79EFBC}") = "PixiEditor.Api.CGlueMSBuild", "..\src\PixiEditor.Api.CGlueMSBuild\PixiEditor.Api.CGlueMSBuild.csproj", "{B2402415-02BA-41D1-8A6A-81B361DCE048}"
EndProject
Project("{FAE04EC0-301F-11D3-BF4B-00C04F79EFBC}") = "PixiEditor.Extensions.Tests", "PixiEditor.Extensions.Tests\PixiEditor.Extensions.Tests.csproj", "{B6AAC494-8D5E-4378-8305-84EC80C0A358}"
EndProject
Project("{FAE04EC0-301F-11D3-BF4B-00C04F79EFBC}") = "PixiEditor.Extensions.Sdk.Tests", "PixiEditor.Extensions.Sdk.Tests\PixiEditor.Extensions.Sdk.Tests.csproj", "{5851EC52-2875-4AC0-8C69-EA0B5E0D2B8A}"
EndProject
Project("{FAE04EC0-301F-11D3-BF4B-00C04F79EFBC}") = "PixiEditor.Extensions.WasmRuntime.Tests", "PixiEditor.Extensions.WasmRuntime.Tests\PixiEditor.Extensions.WasmRuntime.Tests.csproj", "{DA31D2E8-2AC2-41D1-921B-7571881EE85F}"
EndProject
Project("{FAE04EC0-301F-11D3-BF4B-00C04F79EFBC}") = "PixiEditor.Extensions.MSPackageBuilder", "..\src\PixiEditor.Extensions.MSPackageBuilder\PixiEditor.Extensions.MSPackageBuilder.csproj", "{6D965165-3B4D-4C70-A559-6AD093879D5A}"
EndProject
Project("{FAE04EC0-301F-11D3-BF4B-00C04F79EFBC}") = "PixiEditor.Extensions.CommonApi", "..\src\PixiEditor.Extensions.CommonApi\PixiEditor.Extensions.CommonApi.csproj", "{AE174C40-F7CB-4A17-A87A-F1CDCE218B78}"
EndProject
Project("{FAE04EC0-301F-11D3-BF4B-00C04F79EFBC}") = "PixiEditor.Backend.Tests", "PixiEditor.Backend.Tests\PixiEditor.Backend.Tests.csproj", "{744D7ACF-9C09-4A29-A950-910934D90BFD}"
EndProject
Project("{FAE04EC0-301F-11D3-BF4B-00C04F79EFBC}") = "PixiEditor.ChangeableDocument", "..\src\PixiEditor.ChangeableDocument\PixiEditor.ChangeableDocument.csproj", "{26B5BF58-A3B7-4966-A34C-9E7AF2994165}"
EndProject
Project("{FAE04EC0-301F-11D3-BF4B-00C04F79EFBC}") = "PixiEditor.Extensions.Gen", "..\src\PixiEditor.Extensions.Gen\PixiEditor.Extensions.Gen.csproj", "{63A2C494-E9D9-486E-B709-39A10DD8B415}"
EndProject
Project("{FAE04EC0-301F-11D3-BF4B-00C04F79EFBC}") = "PixiEditor.Desktop", "..\src\PixiEditor.Desktop\PixiEditor.Desktop.csproj", "{E9C139E7-8078-477F-8BC3-C7A6BB5445CD}"
EndProject
Project("{FAE04EC0-301F-11D3-BF4B-00C04F79EFBC}") = "PixiEditor", "..\src\PixiEditor\PixiEditor.csproj", "{B08D919D-6ABC-49C7-882D-8011C792BEBF}"
EndProject
Project("{FAE04EC0-301F-11D3-BF4B-00C04F79EFBC}") = "PixiDocks.Avalonia", "..\src\PixiDocks\src\PixiDocks.Avalonia\PixiDocks.Avalonia.csproj", "{BA4F359E-8472-4634-832D-2B75DA6EAB04}"
EndProject
Project("{FAE04EC0-301F-11D3-BF4B-00C04F79EFBC}") = "PixiDocks.Core", "..\src\PixiDocks\src\PixiDocks.Core\PixiDocks.Core.csproj", "{9C23412C-7C5D-4C62-ACF6-43A3242EF663}"
EndProject
Project("{FAE04EC0-301F-11D3-BF4B-00C04F79EFBC}") = "PixiEditor.Common", "..\src\PixiEditor.Common\PixiEditor.Common.csproj", "{D9EBF2FD-F055-4C54-B921-6D31466092EC}"
EndProject
Project("{FAE04EC0-301F-11D3-BF4B-00C04F79EFBC}") = "PixiEditor.OperatingSystem", "..\src\PixiEditor.OperatingSystem\PixiEditor.OperatingSystem.csproj", "{85246331-432A-4084-8A80-63CA2758DE2D}"
EndProject
Project("{FAE04EC0-301F-11D3-BF4B-00C04F79EFBC}") = "PixiEditor.Extensions.WasmRuntime", "..\src\PixiEditor.Extensions.WasmRuntime\PixiEditor.Extensions.WasmRuntime.csproj", "{3811FB79-A4F4-4059-A498-A1CB1B09A7B6}"
EndProject
Project("{FAE04EC0-301F-11D3-BF4B-00C04F79EFBC}") = "PixiEditor.Extensions", "..\src\PixiEditor.Extensions\PixiEditor.Extensions.csproj", "{6407D19E-68B9-4E41-9A0D-F6B723FFD549}"
EndProject
Project("{FAE04EC0-301F-11D3-BF4B-00C04F79EFBC}") = "PixiEditor.ChangeableDocument.Gen", "..\src\PixiEditor.ChangeableDocument.Gen\PixiEditor.ChangeableDocument.Gen.csproj", "{6245051F-835D-41EB-89E0-95652B51153C}"
EndProject
Project("{FAE04EC0-301F-11D3-BF4B-00C04F79EFBC}") = "PixiEditor.AnimationRenderer.FFmpeg", "..\src\PixiEditor.AnimationRenderer.FFmpeg\PixiEditor.AnimationRenderer.FFmpeg.csproj", "{2A54A13E-6D54-4BC6-836D-740F12B62D02}"
EndProject
Project("{FAE04EC0-301F-11D3-BF4B-00C04F79EFBC}") = "PixiEditor.UI.Common", "..\src\PixiEditor.UI.Common\PixiEditor.UI.Common.csproj", "{13484484-682F-4D7A-AEF2-ECAF3A601311}"
EndProject
Project("{FAE04EC0-301F-11D3-BF4B-00C04F79EFBC}") = "PixiEditor.Windows", "..\src\PixiEditor.Windows\PixiEditor.Windows.csproj", "{D5A9B447-642A-4655-A8BE-CC59AD6BE275}"
EndProject
Project("{FAE04EC0-301F-11D3-BF4B-00C04F79EFBC}") = "PixiEditor.Platform", "..\src\PixiEditor.Platform\PixiEditor.Platform.csproj", "{61696194-C130-4388-9607-DA2D5295DC1F}"
EndProject
Project("{FAE04EC0-301F-11D3-BF4B-00C04F79EFBC}") = "PixiParser", "..\src\PixiParser\src\PixiParser\PixiParser.csproj", "{2AFF4096-A539-4A01-B4F4-60389C11C039}"
EndProject
Project("{FAE04EC0-301F-11D3-BF4B-00C04F79EFBC}") = "PixiEditor.WasmApi.Gen", "..\src\PixiEditor.WasmApi.Gen\PixiEditor.WasmApi.Gen.csproj", "{7E65B1D3-507E-4C89-92A9-D25D0097888B}"
EndProject
Project("{FAE04EC0-301F-11D3-BF4B-00C04F79EFBC}") = "PixiEditor.AnimationRenderer.Core", "..\src\PixiEditor.AnimationRenderer.Core\PixiEditor.AnimationRenderer.Core.csproj", "{D6BF8B8D-99A1-4072-9EF1-4A7BFB34330F}"
EndProject
Project("{FAE04EC0-301F-11D3-BF4B-00C04F79EFBC}") = "PixiParser.Skia", "..\src\PixiParser\src\PixiParser.Skia\PixiParser.Skia.csproj", "{E9E3FBE7-AE00-4E03-9085-F8611B795526}"
EndProject
Project("{FAE04EC0-301F-11D3-BF4B-00C04F79EFBC}") = "PixiEditor.Extensions.Runtime", "..\src\PixiEditor.Extensions.Runtime\PixiEditor.Extensions.Runtime.csproj", "{40DFBBDD-B423-47A2-A64F-CE4B1F9897AB}"
EndProject
Project("{FAE04EC0-301F-11D3-BF4B-00C04F79EFBC}") = "PixiEditor.Platform.Standalone", "..\src\PixiEditor.Platform.Standalone\PixiEditor.Platform.Standalone.csproj", "{8B147D8C-BDF5-4C04-8891-15014451CC63}"
EndProject
Project("{FAE04EC0-301F-11D3-BF4B-00C04F79EFBC}") = "PixiEditor.Gen", "..\src\PixiEditor.Gen\PixiEditor.Gen.csproj", "{57860CCA-903B-4871-89E8-A674D3EE4446}"
EndProject
Project("{FAE04EC0-301F-11D3-BF4B-00C04F79EFBC}") = "PixiEditor.UpdateModule", "..\src\PixiEditor.UpdateModule\PixiEditor.UpdateModule.csproj", "{3028FEDC-E937-4432-B74E-4E29304CD5C0}"
EndProject
Project("{FAE04EC0-301F-11D3-BF4B-00C04F79EFBC}") = "Drawie.Backend.Core", "..\src\Drawie\src\Drawie.Backend.Core\Drawie.Backend.Core.csproj", "{07F69457-3508-4DF4-9AB0-09659AC5C00F}"
EndProject
Project("{FAE04EC0-301F-11D3-BF4B-00C04F79EFBC}") = "Drawie.Numerics", "..\src\Drawie\src\Drawie.Numerics\Drawie.Numerics.csproj", "{941E4206-4260-4363-A1A0-A7D2E641CE4F}"
EndProject
Project("{FAE04EC0-301F-11D3-BF4B-00C04F79EFBC}") = "Drawie.RenderApi", "..\src\Drawie\src\Drawie.RenderApi\Drawie.RenderApi.csproj", "{3061E7B1-ABE2-4E14-A650-CBC42450F21F}"
EndProject
Project("{FAE04EC0-301F-11D3-BF4B-00C04F79EFBC}") = "DrawiEngine", "..\src\Drawie\src\DrawiEngine\DrawiEngine.csproj", "{23A9B33D-118E-4BCE-85FB-0AAC6E4D15B6}"
EndProject
Project("{FAE04EC0-301F-11D3-BF4B-00C04F79EFBC}") = "Drawie.Windowing", "..\src\Drawie\src\Drawie.Windowing\Drawie.Windowing.csproj", "{B8DFAB77-3FD1-4FFF-A018-215EFC73D916}"
EndProject
Project("{FAE04EC0-301F-11D3-BF4B-00C04F79EFBC}") = "Drawie.Backend.Skia", "..\src\Drawie\src\Drawie.Backend.Skia\Drawie.Backend.Skia.csproj", "{8044BAB5-5EF5-45FE-B819-18BDCC914C1B}"
EndProject
Project("{FAE04EC0-301F-11D3-BF4B-00C04F79EFBC}") = "Drawie.RenderApi.Vulkan", "..\src\Drawie\src\Drawie.RenderApi.Vulkan\Drawie.RenderApi.Vulkan.csproj", "{54C073D4-88F8-46D2-9EDB-86C0A7819968}"
EndProject
Project("{FAE04EC0-301F-11D3-BF4B-00C04F79EFBC}") = "PixiEditor.SVG", "..\src\PixiEditor.SVG\PixiEditor.SVG.csproj", "{A0424CAD-F2F5-4A2A-A638-F5457BD098C6}"
EndProject
Project("{FAE04EC0-301F-11D3-BF4B-00C04F79EFBC}") = "Drawie.Interop.Avalonia.Vulkan", "..\src\Drawie\src\Drawie.Interop.Avalonia.Vulkan\Drawie.Interop.Avalonia.Vulkan.csproj", "{B973129E-33DD-408F-988A-974F90C3B76C}"
EndProject
Project("{FAE04EC0-301F-11D3-BF4B-00C04F79EFBC}") = "Drawie.Interop.Avalonia.Core", "..\src\Drawie\src\Drawie.Interop.Avalonia.Core\Drawie.Interop.Avalonia.Core.csproj", "{94AD7598-865A-41A2-A2DE-A866FE7C54F3}"
EndProject
Project("{FAE04EC0-301F-11D3-BF4B-00C04F79EFBC}") = "Drawie.Interop.Avalonia", "..\src\Drawie\src\Drawie.Interop.Avalonia\Drawie.Interop.Avalonia.csproj", "{D00D836B-6EAD-4E86-8F6A-A0FE10CC8A8C}"
EndProject
Project("{FAE04EC0-301F-11D3-BF4B-00C04F79EFBC}") = "Drawie.Interop.Avalonia.OpenGl", "..\src\Drawie\src\Drawie.Interop.Avalonia.OpenGl\Drawie.Interop.Avalonia.OpenGl.csproj", "{404E524C-A719-4B3F-981E-98A0EC33E3F2}"
EndProject
Project("{FAE04EC0-301F-11D3-BF4B-00C04F79EFBC}") = "Drawie.RenderApi.OpenGl", "..\src\Drawie\src\Drawie.RenderApi.OpenGl\Drawie.RenderApi.OpenGl.csproj", "{924CA5E4-F579-435F-B39A-11802F9B1390}"
EndProject
Project("{FAE04EC0-301F-11D3-BF4B-00C04F79EFBC}") = "ColorPicker.AvaloniaUI", "..\src\ColorPicker\src\ColorPicker.AvaloniaUI\ColorPicker.AvaloniaUI.csproj", "{1B9B2155-9D9C-4259-8015-4F06F944812C}"
EndProject
Project("{FAE04EC0-301F-11D3-BF4B-00C04F79EFBC}") = "ColorPicker.Models", "..\src\ColorPicker\src\ColorPicker.Models\ColorPicker.Models.csproj", "{B4A2F5BC-A07D-4C99-B022-B959B54CC4A0}"
EndProject
Project("{FAE04EC0-301F-11D3-BF4B-00C04F79EFBC}") = "PixiEditor.MacOs", "..\src\PixiEditor.MacOs\PixiEditor.MacOs.csproj", "{554F618D-DDD1-484B-AE89-540852FF7D4F}"
EndProject
Project("{FAE04EC0-301F-11D3-BF4B-00C04F79EFBC}") = "PixiEditor.Linux", "..\src\PixiEditor.Linux\PixiEditor.Linux.csproj", "{C7D2CAEE-2DF4-4920-AE9F-E3323E80AAF4}"
EndProject
Project("{FAE04EC0-301F-11D3-BF4B-00C04F79EFBC}") = "DrawiEngine.Desktop", "..\src\Drawie\src\DrawiEngine.Desktop\DrawiEngine.Desktop.csproj", "{F021BE50-BDFB-427C-9495-888347C4E3B3}"
EndProject
Project("{FAE04EC0-301F-11D3-BF4B-00C04F79EFBC}") = "Drawie.Windowing", "..\src\Drawie\src\Drawie.Windowing\Drawie.Windowing.csproj", "{37662F23-90F7-4B41-8E45-5D1B09A96803}"
EndProject
Project("{FAE04EC0-301F-11D3-BF4B-00C04F79EFBC}") = "Drawie.Windowing.Glfw", "..\src\Drawie\src\Drawie.Windowing.Glfw\Drawie.Windowing.Glfw.csproj", "{B13E1D5E-EF6B-4193-8BE6-4C85F8C1EE59}"
EndProject
Global
	GlobalSection(SolutionConfigurationPlatforms) = preSolution
		Debug|Any CPU = Debug|Any CPU
		Release|Any CPU = Release|Any CPU
	EndGlobalSection
	GlobalSection(SolutionProperties) = preSolution
		HideSolutionNode = FALSE
	EndGlobalSection
	GlobalSection(ProjectConfigurationPlatforms) = postSolution
		{0EF3CAB9-7361-472C-8789-D17D4EA2DEBB}.Debug|Any CPU.ActiveCfg = Debug|Any CPU
		{0EF3CAB9-7361-472C-8789-D17D4EA2DEBB}.Debug|Any CPU.Build.0 = Debug|Any CPU
		{0EF3CAB9-7361-472C-8789-D17D4EA2DEBB}.Release|Any CPU.ActiveCfg = Release|Any CPU
		{0EF3CAB9-7361-472C-8789-D17D4EA2DEBB}.Release|Any CPU.Build.0 = Release|Any CPU
		{9C7FFCAD-DDC1-4B69-9B39-30FD4A566CCB}.Debug|Any CPU.ActiveCfg = Debug|Any CPU
		{9C7FFCAD-DDC1-4B69-9B39-30FD4A566CCB}.Debug|Any CPU.Build.0 = Debug|Any CPU
		{9C7FFCAD-DDC1-4B69-9B39-30FD4A566CCB}.Release|Any CPU.ActiveCfg = Release|Any CPU
		{9C7FFCAD-DDC1-4B69-9B39-30FD4A566CCB}.Release|Any CPU.Build.0 = Release|Any CPU
		{3C73AAB4-FA0C-475F-AAFE-DB682CB57027}.Debug|Any CPU.ActiveCfg = Debug|Any CPU
		{3C73AAB4-FA0C-475F-AAFE-DB682CB57027}.Debug|Any CPU.Build.0 = Debug|Any CPU
		{3C73AAB4-FA0C-475F-AAFE-DB682CB57027}.Release|Any CPU.ActiveCfg = Release|Any CPU
		{3C73AAB4-FA0C-475F-AAFE-DB682CB57027}.Release|Any CPU.Build.0 = Release|Any CPU
		{4DC33EEF-4FD2-4038-BB0C-61E1B833A6B4}.Debug|Any CPU.ActiveCfg = Debug|Any CPU
		{4DC33EEF-4FD2-4038-BB0C-61E1B833A6B4}.Debug|Any CPU.Build.0 = Debug|Any CPU
		{4DC33EEF-4FD2-4038-BB0C-61E1B833A6B4}.Release|Any CPU.ActiveCfg = Release|Any CPU
		{4DC33EEF-4FD2-4038-BB0C-61E1B833A6B4}.Release|Any CPU.Build.0 = Release|Any CPU
		{0CC4DF8D-4C6D-416E-98D9-27B318826490}.Debug|Any CPU.ActiveCfg = Debug|Any CPU
		{0CC4DF8D-4C6D-416E-98D9-27B318826490}.Debug|Any CPU.Build.0 = Debug|Any CPU
		{0CC4DF8D-4C6D-416E-98D9-27B318826490}.Release|Any CPU.ActiveCfg = Release|Any CPU
		{0CC4DF8D-4C6D-416E-98D9-27B318826490}.Release|Any CPU.Build.0 = Release|Any CPU
		{B2402415-02BA-41D1-8A6A-81B361DCE048}.Debug|Any CPU.ActiveCfg = Debug|Any CPU
		{B2402415-02BA-41D1-8A6A-81B361DCE048}.Debug|Any CPU.Build.0 = Debug|Any CPU
		{B2402415-02BA-41D1-8A6A-81B361DCE048}.Release|Any CPU.ActiveCfg = Release|Any CPU
		{B2402415-02BA-41D1-8A6A-81B361DCE048}.Release|Any CPU.Build.0 = Release|Any CPU
		{B6AAC494-8D5E-4378-8305-84EC80C0A358}.Debug|Any CPU.ActiveCfg = Debug|Any CPU
		{B6AAC494-8D5E-4378-8305-84EC80C0A358}.Debug|Any CPU.Build.0 = Debug|Any CPU
		{B6AAC494-8D5E-4378-8305-84EC80C0A358}.Release|Any CPU.ActiveCfg = Release|Any CPU
		{B6AAC494-8D5E-4378-8305-84EC80C0A358}.Release|Any CPU.Build.0 = Release|Any CPU
		{5851EC52-2875-4AC0-8C69-EA0B5E0D2B8A}.Debug|Any CPU.ActiveCfg = Debug|Any CPU
		{5851EC52-2875-4AC0-8C69-EA0B5E0D2B8A}.Debug|Any CPU.Build.0 = Debug|Any CPU
		{5851EC52-2875-4AC0-8C69-EA0B5E0D2B8A}.Release|Any CPU.ActiveCfg = Release|Any CPU
		{5851EC52-2875-4AC0-8C69-EA0B5E0D2B8A}.Release|Any CPU.Build.0 = Release|Any CPU
		{DA31D2E8-2AC2-41D1-921B-7571881EE85F}.Debug|Any CPU.ActiveCfg = Debug|Any CPU
		{DA31D2E8-2AC2-41D1-921B-7571881EE85F}.Debug|Any CPU.Build.0 = Debug|Any CPU
		{DA31D2E8-2AC2-41D1-921B-7571881EE85F}.Release|Any CPU.ActiveCfg = Release|Any CPU
		{DA31D2E8-2AC2-41D1-921B-7571881EE85F}.Release|Any CPU.Build.0 = Release|Any CPU
		{6D965165-3B4D-4C70-A559-6AD093879D5A}.Debug|Any CPU.ActiveCfg = Debug|Any CPU
		{6D965165-3B4D-4C70-A559-6AD093879D5A}.Debug|Any CPU.Build.0 = Debug|Any CPU
		{6D965165-3B4D-4C70-A559-6AD093879D5A}.Release|Any CPU.ActiveCfg = Release|Any CPU
		{6D965165-3B4D-4C70-A559-6AD093879D5A}.Release|Any CPU.Build.0 = Release|Any CPU
		{AE174C40-F7CB-4A17-A87A-F1CDCE218B78}.Debug|Any CPU.ActiveCfg = Debug|Any CPU
		{AE174C40-F7CB-4A17-A87A-F1CDCE218B78}.Debug|Any CPU.Build.0 = Debug|Any CPU
		{AE174C40-F7CB-4A17-A87A-F1CDCE218B78}.Release|Any CPU.ActiveCfg = Release|Any CPU
		{AE174C40-F7CB-4A17-A87A-F1CDCE218B78}.Release|Any CPU.Build.0 = Release|Any CPU
		{744D7ACF-9C09-4A29-A950-910934D90BFD}.Debug|Any CPU.ActiveCfg = Debug|Any CPU
		{744D7ACF-9C09-4A29-A950-910934D90BFD}.Debug|Any CPU.Build.0 = Debug|Any CPU
		{744D7ACF-9C09-4A29-A950-910934D90BFD}.Release|Any CPU.ActiveCfg = Release|Any CPU
		{744D7ACF-9C09-4A29-A950-910934D90BFD}.Release|Any CPU.Build.0 = Release|Any CPU
		{26B5BF58-A3B7-4966-A34C-9E7AF2994165}.Debug|Any CPU.ActiveCfg = Debug|Any CPU
		{26B5BF58-A3B7-4966-A34C-9E7AF2994165}.Debug|Any CPU.Build.0 = Debug|Any CPU
		{26B5BF58-A3B7-4966-A34C-9E7AF2994165}.Release|Any CPU.ActiveCfg = Release|Any CPU
		{26B5BF58-A3B7-4966-A34C-9E7AF2994165}.Release|Any CPU.Build.0 = Release|Any CPU
		{63A2C494-E9D9-486E-B709-39A10DD8B415}.Debug|Any CPU.ActiveCfg = Debug|Any CPU
		{63A2C494-E9D9-486E-B709-39A10DD8B415}.Debug|Any CPU.Build.0 = Debug|Any CPU
		{63A2C494-E9D9-486E-B709-39A10DD8B415}.Release|Any CPU.ActiveCfg = Release|Any CPU
		{63A2C494-E9D9-486E-B709-39A10DD8B415}.Release|Any CPU.Build.0 = Release|Any CPU
		{E9C139E7-8078-477F-8BC3-C7A6BB5445CD}.Debug|Any CPU.ActiveCfg = Debug|Any CPU
		{E9C139E7-8078-477F-8BC3-C7A6BB5445CD}.Debug|Any CPU.Build.0 = Debug|Any CPU
		{E9C139E7-8078-477F-8BC3-C7A6BB5445CD}.Release|Any CPU.ActiveCfg = Release|Any CPU
		{E9C139E7-8078-477F-8BC3-C7A6BB5445CD}.Release|Any CPU.Build.0 = Release|Any CPU
		{493B3F23-DB1B-4633-8C6D-BAD18C59A239}.Debug|Any CPU.ActiveCfg = Debug|Any CPU
		{493B3F23-DB1B-4633-8C6D-BAD18C59A239}.Debug|Any CPU.Build.0 = Debug|Any CPU
		{8EF48E6C-8219-4EE2-87C6-5176D8D092E6}.Debug|Any CPU.ActiveCfg = Debug|Any CPU
		{8EF48E6C-8219-4EE2-87C6-5176D8D092E6}.Debug|Any CPU.Build.0 = Debug|Any CPU
		{9BCD0764-9C16-4A2A-B153-C676FEF38887}.Debug|Any CPU.ActiveCfg = Debug|Any CPU
		{9BCD0764-9C16-4A2A-B153-C676FEF38887}.Debug|Any CPU.Build.0 = Debug|Any CPU
		{69DD5830-C682-49FB-B1A5-D2A506EEA06B}.Debug|Any CPU.ActiveCfg = Debug|Any CPU
		{69DD5830-C682-49FB-B1A5-D2A506EEA06B}.Debug|Any CPU.Build.0 = Debug|Any CPU
		{B08D919D-6ABC-49C7-882D-8011C792BEBF}.Debug|Any CPU.ActiveCfg = Debug|x64
		{B08D919D-6ABC-49C7-882D-8011C792BEBF}.Debug|Any CPU.Build.0 = Debug|x64
		{B08D919D-6ABC-49C7-882D-8011C792BEBF}.Release|Any CPU.ActiveCfg = Release|x64
		{B08D919D-6ABC-49C7-882D-8011C792BEBF}.Release|Any CPU.Build.0 = Release|x64
		{BA4F359E-8472-4634-832D-2B75DA6EAB04}.Debug|Any CPU.ActiveCfg = Debug|Any CPU
		{BA4F359E-8472-4634-832D-2B75DA6EAB04}.Debug|Any CPU.Build.0 = Debug|Any CPU
		{BA4F359E-8472-4634-832D-2B75DA6EAB04}.Release|Any CPU.ActiveCfg = Release|Any CPU
		{BA4F359E-8472-4634-832D-2B75DA6EAB04}.Release|Any CPU.Build.0 = Release|Any CPU
		{9C23412C-7C5D-4C62-ACF6-43A3242EF663}.Debug|Any CPU.ActiveCfg = Debug|Any CPU
		{9C23412C-7C5D-4C62-ACF6-43A3242EF663}.Debug|Any CPU.Build.0 = Debug|Any CPU
		{9C23412C-7C5D-4C62-ACF6-43A3242EF663}.Release|Any CPU.ActiveCfg = Release|Any CPU
		{9C23412C-7C5D-4C62-ACF6-43A3242EF663}.Release|Any CPU.Build.0 = Release|Any CPU
		{D9EBF2FD-F055-4C54-B921-6D31466092EC}.Debug|Any CPU.ActiveCfg = Debug|Any CPU
		{D9EBF2FD-F055-4C54-B921-6D31466092EC}.Debug|Any CPU.Build.0 = Debug|Any CPU
		{D9EBF2FD-F055-4C54-B921-6D31466092EC}.Release|Any CPU.ActiveCfg = Release|Any CPU
		{D9EBF2FD-F055-4C54-B921-6D31466092EC}.Release|Any CPU.Build.0 = Release|Any CPU
		{85246331-432A-4084-8A80-63CA2758DE2D}.Debug|Any CPU.ActiveCfg = Debug|Any CPU
		{85246331-432A-4084-8A80-63CA2758DE2D}.Debug|Any CPU.Build.0 = Debug|Any CPU
		{85246331-432A-4084-8A80-63CA2758DE2D}.Release|Any CPU.ActiveCfg = Release|Any CPU
		{85246331-432A-4084-8A80-63CA2758DE2D}.Release|Any CPU.Build.0 = Release|Any CPU
		{3811FB79-A4F4-4059-A498-A1CB1B09A7B6}.Debug|Any CPU.ActiveCfg = Debug|Any CPU
		{3811FB79-A4F4-4059-A498-A1CB1B09A7B6}.Debug|Any CPU.Build.0 = Debug|Any CPU
		{3811FB79-A4F4-4059-A498-A1CB1B09A7B6}.Release|Any CPU.ActiveCfg = Release|Any CPU
		{3811FB79-A4F4-4059-A498-A1CB1B09A7B6}.Release|Any CPU.Build.0 = Release|Any CPU
		{6407D19E-68B9-4E41-9A0D-F6B723FFD549}.Debug|Any CPU.ActiveCfg = Debug|Any CPU
		{6407D19E-68B9-4E41-9A0D-F6B723FFD549}.Debug|Any CPU.Build.0 = Debug|Any CPU
		{6407D19E-68B9-4E41-9A0D-F6B723FFD549}.Release|Any CPU.ActiveCfg = Release|Any CPU
		{6407D19E-68B9-4E41-9A0D-F6B723FFD549}.Release|Any CPU.Build.0 = Release|Any CPU
		{6245051F-835D-41EB-89E0-95652B51153C}.Debug|Any CPU.ActiveCfg = Debug|Any CPU
		{6245051F-835D-41EB-89E0-95652B51153C}.Debug|Any CPU.Build.0 = Debug|Any CPU
		{6245051F-835D-41EB-89E0-95652B51153C}.Release|Any CPU.ActiveCfg = Release|Any CPU
		{6245051F-835D-41EB-89E0-95652B51153C}.Release|Any CPU.Build.0 = Release|Any CPU
		{2A54A13E-6D54-4BC6-836D-740F12B62D02}.Debug|Any CPU.ActiveCfg = Debug|Any CPU
		{2A54A13E-6D54-4BC6-836D-740F12B62D02}.Debug|Any CPU.Build.0 = Debug|Any CPU
		{2A54A13E-6D54-4BC6-836D-740F12B62D02}.Release|Any CPU.ActiveCfg = Release|Any CPU
		{2A54A13E-6D54-4BC6-836D-740F12B62D02}.Release|Any CPU.Build.0 = Release|Any CPU
		{13484484-682F-4D7A-AEF2-ECAF3A601311}.Debug|Any CPU.ActiveCfg = Debug|Any CPU
		{13484484-682F-4D7A-AEF2-ECAF3A601311}.Debug|Any CPU.Build.0 = Debug|Any CPU
		{13484484-682F-4D7A-AEF2-ECAF3A601311}.Release|Any CPU.ActiveCfg = Release|Any CPU
		{13484484-682F-4D7A-AEF2-ECAF3A601311}.Release|Any CPU.Build.0 = Release|Any CPU
		{D5A9B447-642A-4655-A8BE-CC59AD6BE275}.Debug|Any CPU.ActiveCfg = Debug|Any CPU
		{D5A9B447-642A-4655-A8BE-CC59AD6BE275}.Debug|Any CPU.Build.0 = Debug|Any CPU
		{D5A9B447-642A-4655-A8BE-CC59AD6BE275}.Release|Any CPU.ActiveCfg = Release|Any CPU
		{D5A9B447-642A-4655-A8BE-CC59AD6BE275}.Release|Any CPU.Build.0 = Release|Any CPU
		{61696194-C130-4388-9607-DA2D5295DC1F}.Debug|Any CPU.ActiveCfg = Debug|Any CPU
		{61696194-C130-4388-9607-DA2D5295DC1F}.Debug|Any CPU.Build.0 = Debug|Any CPU
		{61696194-C130-4388-9607-DA2D5295DC1F}.Release|Any CPU.ActiveCfg = Release|Any CPU
		{61696194-C130-4388-9607-DA2D5295DC1F}.Release|Any CPU.Build.0 = Release|Any CPU
		{2AFF4096-A539-4A01-B4F4-60389C11C039}.Debug|Any CPU.ActiveCfg = Debug|Any CPU
		{2AFF4096-A539-4A01-B4F4-60389C11C039}.Debug|Any CPU.Build.0 = Debug|Any CPU
		{2AFF4096-A539-4A01-B4F4-60389C11C039}.Release|Any CPU.ActiveCfg = Release|Any CPU
		{2AFF4096-A539-4A01-B4F4-60389C11C039}.Release|Any CPU.Build.0 = Release|Any CPU
		{7E65B1D3-507E-4C89-92A9-D25D0097888B}.Debug|Any CPU.ActiveCfg = Debug|Any CPU
		{7E65B1D3-507E-4C89-92A9-D25D0097888B}.Debug|Any CPU.Build.0 = Debug|Any CPU
		{7E65B1D3-507E-4C89-92A9-D25D0097888B}.Release|Any CPU.ActiveCfg = Release|Any CPU
		{7E65B1D3-507E-4C89-92A9-D25D0097888B}.Release|Any CPU.Build.0 = Release|Any CPU
		{D6BF8B8D-99A1-4072-9EF1-4A7BFB34330F}.Debug|Any CPU.ActiveCfg = Debug|Any CPU
		{D6BF8B8D-99A1-4072-9EF1-4A7BFB34330F}.Debug|Any CPU.Build.0 = Debug|Any CPU
		{D6BF8B8D-99A1-4072-9EF1-4A7BFB34330F}.Release|Any CPU.ActiveCfg = Release|Any CPU
		{D6BF8B8D-99A1-4072-9EF1-4A7BFB34330F}.Release|Any CPU.Build.0 = Release|Any CPU
		{E9E3FBE7-AE00-4E03-9085-F8611B795526}.Debug|Any CPU.ActiveCfg = Debug|Any CPU
		{E9E3FBE7-AE00-4E03-9085-F8611B795526}.Debug|Any CPU.Build.0 = Debug|Any CPU
		{E9E3FBE7-AE00-4E03-9085-F8611B795526}.Release|Any CPU.ActiveCfg = Release|Any CPU
		{E9E3FBE7-AE00-4E03-9085-F8611B795526}.Release|Any CPU.Build.0 = Release|Any CPU
		{40DFBBDD-B423-47A2-A64F-CE4B1F9897AB}.Debug|Any CPU.ActiveCfg = Debug|Any CPU
		{40DFBBDD-B423-47A2-A64F-CE4B1F9897AB}.Debug|Any CPU.Build.0 = Debug|Any CPU
		{40DFBBDD-B423-47A2-A64F-CE4B1F9897AB}.Release|Any CPU.ActiveCfg = Release|Any CPU
		{40DFBBDD-B423-47A2-A64F-CE4B1F9897AB}.Release|Any CPU.Build.0 = Release|Any CPU
		{8B147D8C-BDF5-4C04-8891-15014451CC63}.Debug|Any CPU.ActiveCfg = Debug|Any CPU
		{8B147D8C-BDF5-4C04-8891-15014451CC63}.Debug|Any CPU.Build.0 = Debug|Any CPU
		{8B147D8C-BDF5-4C04-8891-15014451CC63}.Release|Any CPU.ActiveCfg = Release|Any CPU
		{8B147D8C-BDF5-4C04-8891-15014451CC63}.Release|Any CPU.Build.0 = Release|Any CPU
		{57860CCA-903B-4871-89E8-A674D3EE4446}.Debug|Any CPU.ActiveCfg = Debug|Any CPU
		{57860CCA-903B-4871-89E8-A674D3EE4446}.Debug|Any CPU.Build.0 = Debug|Any CPU
		{57860CCA-903B-4871-89E8-A674D3EE4446}.Release|Any CPU.ActiveCfg = Release|Any CPU
		{57860CCA-903B-4871-89E8-A674D3EE4446}.Release|Any CPU.Build.0 = Release|Any CPU
		{3028FEDC-E937-4432-B74E-4E29304CD5C0}.Debug|Any CPU.ActiveCfg = Debug|Any CPU
		{3028FEDC-E937-4432-B74E-4E29304CD5C0}.Debug|Any CPU.Build.0 = Debug|Any CPU
		{3028FEDC-E937-4432-B74E-4E29304CD5C0}.Release|Any CPU.ActiveCfg = Release|Any CPU
		{3028FEDC-E937-4432-B74E-4E29304CD5C0}.Release|Any CPU.Build.0 = Release|Any CPU
		{07F69457-3508-4DF4-9AB0-09659AC5C00F}.Debug|Any CPU.ActiveCfg = Debug|Any CPU
		{07F69457-3508-4DF4-9AB0-09659AC5C00F}.Debug|Any CPU.Build.0 = Debug|Any CPU
		{07F69457-3508-4DF4-9AB0-09659AC5C00F}.Release|Any CPU.ActiveCfg = Release|Any CPU
		{07F69457-3508-4DF4-9AB0-09659AC5C00F}.Release|Any CPU.Build.0 = Release|Any CPU
		{941E4206-4260-4363-A1A0-A7D2E641CE4F}.Debug|Any CPU.ActiveCfg = Debug|Any CPU
		{941E4206-4260-4363-A1A0-A7D2E641CE4F}.Debug|Any CPU.Build.0 = Debug|Any CPU
		{941E4206-4260-4363-A1A0-A7D2E641CE4F}.Release|Any CPU.ActiveCfg = Release|Any CPU
		{941E4206-4260-4363-A1A0-A7D2E641CE4F}.Release|Any CPU.Build.0 = Release|Any CPU
		{3061E7B1-ABE2-4E14-A650-CBC42450F21F}.Debug|Any CPU.ActiveCfg = Debug|Any CPU
		{3061E7B1-ABE2-4E14-A650-CBC42450F21F}.Debug|Any CPU.Build.0 = Debug|Any CPU
		{3061E7B1-ABE2-4E14-A650-CBC42450F21F}.Release|Any CPU.ActiveCfg = Release|Any CPU
		{3061E7B1-ABE2-4E14-A650-CBC42450F21F}.Release|Any CPU.Build.0 = Release|Any CPU
		{23A9B33D-118E-4BCE-85FB-0AAC6E4D15B6}.Debug|Any CPU.ActiveCfg = Debug|Any CPU
		{23A9B33D-118E-4BCE-85FB-0AAC6E4D15B6}.Debug|Any CPU.Build.0 = Debug|Any CPU
		{23A9B33D-118E-4BCE-85FB-0AAC6E4D15B6}.Release|Any CPU.ActiveCfg = Release|Any CPU
		{23A9B33D-118E-4BCE-85FB-0AAC6E4D15B6}.Release|Any CPU.Build.0 = Release|Any CPU
		{B8DFAB77-3FD1-4FFF-A018-215EFC73D916}.Debug|Any CPU.ActiveCfg = Debug|Any CPU
		{B8DFAB77-3FD1-4FFF-A018-215EFC73D916}.Debug|Any CPU.Build.0 = Debug|Any CPU
		{B8DFAB77-3FD1-4FFF-A018-215EFC73D916}.Release|Any CPU.ActiveCfg = Release|Any CPU
		{B8DFAB77-3FD1-4FFF-A018-215EFC73D916}.Release|Any CPU.Build.0 = Release|Any CPU
		{8044BAB5-5EF5-45FE-B819-18BDCC914C1B}.Debug|Any CPU.ActiveCfg = Debug|Any CPU
		{8044BAB5-5EF5-45FE-B819-18BDCC914C1B}.Debug|Any CPU.Build.0 = Debug|Any CPU
		{8044BAB5-5EF5-45FE-B819-18BDCC914C1B}.Release|Any CPU.ActiveCfg = Release|Any CPU
		{8044BAB5-5EF5-45FE-B819-18BDCC914C1B}.Release|Any CPU.Build.0 = Release|Any CPU
		{54C073D4-88F8-46D2-9EDB-86C0A7819968}.Debug|Any CPU.ActiveCfg = Debug|Any CPU
		{54C073D4-88F8-46D2-9EDB-86C0A7819968}.Debug|Any CPU.Build.0 = Debug|Any CPU
		{54C073D4-88F8-46D2-9EDB-86C0A7819968}.Release|Any CPU.ActiveCfg = Release|Any CPU
		{54C073D4-88F8-46D2-9EDB-86C0A7819968}.Release|Any CPU.Build.0 = Release|Any CPU
		{A0424CAD-F2F5-4A2A-A638-F5457BD098C6}.Debug|Any CPU.ActiveCfg = Debug|Any CPU
		{A0424CAD-F2F5-4A2A-A638-F5457BD098C6}.Debug|Any CPU.Build.0 = Debug|Any CPU
		{A0424CAD-F2F5-4A2A-A638-F5457BD098C6}.Release|Any CPU.ActiveCfg = Release|Any CPU
		{A0424CAD-F2F5-4A2A-A638-F5457BD098C6}.Release|Any CPU.Build.0 = Release|Any CPU
		{B973129E-33DD-408F-988A-974F90C3B76C}.Debug|Any CPU.ActiveCfg = Debug|Any CPU
		{B973129E-33DD-408F-988A-974F90C3B76C}.Debug|Any CPU.Build.0 = Debug|Any CPU
		{B973129E-33DD-408F-988A-974F90C3B76C}.Release|Any CPU.ActiveCfg = Release|Any CPU
		{B973129E-33DD-408F-988A-974F90C3B76C}.Release|Any CPU.Build.0 = Release|Any CPU
		{94AD7598-865A-41A2-A2DE-A866FE7C54F3}.Debug|Any CPU.ActiveCfg = Debug|Any CPU
		{94AD7598-865A-41A2-A2DE-A866FE7C54F3}.Debug|Any CPU.Build.0 = Debug|Any CPU
		{94AD7598-865A-41A2-A2DE-A866FE7C54F3}.Release|Any CPU.ActiveCfg = Release|Any CPU
		{94AD7598-865A-41A2-A2DE-A866FE7C54F3}.Release|Any CPU.Build.0 = Release|Any CPU
		{D00D836B-6EAD-4E86-8F6A-A0FE10CC8A8C}.Debug|Any CPU.ActiveCfg = Debug|Any CPU
		{D00D836B-6EAD-4E86-8F6A-A0FE10CC8A8C}.Debug|Any CPU.Build.0 = Debug|Any CPU
		{D00D836B-6EAD-4E86-8F6A-A0FE10CC8A8C}.Release|Any CPU.ActiveCfg = Release|Any CPU
		{D00D836B-6EAD-4E86-8F6A-A0FE10CC8A8C}.Release|Any CPU.Build.0 = Release|Any CPU
		{404E524C-A719-4B3F-981E-98A0EC33E3F2}.Debug|Any CPU.ActiveCfg = Debug|Any CPU
		{404E524C-A719-4B3F-981E-98A0EC33E3F2}.Debug|Any CPU.Build.0 = Debug|Any CPU
		{404E524C-A719-4B3F-981E-98A0EC33E3F2}.Release|Any CPU.ActiveCfg = Release|Any CPU
		{404E524C-A719-4B3F-981E-98A0EC33E3F2}.Release|Any CPU.Build.0 = Release|Any CPU
		{924CA5E4-F579-435F-B39A-11802F9B1390}.Debug|Any CPU.ActiveCfg = Debug|Any CPU
		{924CA5E4-F579-435F-B39A-11802F9B1390}.Debug|Any CPU.Build.0 = Debug|Any CPU
		{924CA5E4-F579-435F-B39A-11802F9B1390}.Release|Any CPU.ActiveCfg = Release|Any CPU
		{924CA5E4-F579-435F-B39A-11802F9B1390}.Release|Any CPU.Build.0 = Release|Any CPU
		{1B9B2155-9D9C-4259-8015-4F06F944812C}.Debug|Any CPU.ActiveCfg = Debug|Any CPU
		{1B9B2155-9D9C-4259-8015-4F06F944812C}.Debug|Any CPU.Build.0 = Debug|Any CPU
		{1B9B2155-9D9C-4259-8015-4F06F944812C}.Release|Any CPU.ActiveCfg = Release|Any CPU
		{1B9B2155-9D9C-4259-8015-4F06F944812C}.Release|Any CPU.Build.0 = Release|Any CPU
		{B4A2F5BC-A07D-4C99-B022-B959B54CC4A0}.Debug|Any CPU.ActiveCfg = Debug|Any CPU
		{B4A2F5BC-A07D-4C99-B022-B959B54CC4A0}.Debug|Any CPU.Build.0 = Debug|Any CPU
		{B4A2F5BC-A07D-4C99-B022-B959B54CC4A0}.Release|Any CPU.ActiveCfg = Release|Any CPU
		{B4A2F5BC-A07D-4C99-B022-B959B54CC4A0}.Release|Any CPU.Build.0 = Release|Any CPU
		{554F618D-DDD1-484B-AE89-540852FF7D4F}.Debug|Any CPU.ActiveCfg = Debug|Any CPU
		{554F618D-DDD1-484B-AE89-540852FF7D4F}.Debug|Any CPU.Build.0 = Debug|Any CPU
		{554F618D-DDD1-484B-AE89-540852FF7D4F}.Release|Any CPU.ActiveCfg = Release|Any CPU
		{554F618D-DDD1-484B-AE89-540852FF7D4F}.Release|Any CPU.Build.0 = Release|Any CPU
		{C7D2CAEE-2DF4-4920-AE9F-E3323E80AAF4}.Debug|Any CPU.ActiveCfg = Debug|Any CPU
		{C7D2CAEE-2DF4-4920-AE9F-E3323E80AAF4}.Debug|Any CPU.Build.0 = Debug|Any CPU
		{C7D2CAEE-2DF4-4920-AE9F-E3323E80AAF4}.Release|Any CPU.ActiveCfg = Release|Any CPU
		{C7D2CAEE-2DF4-4920-AE9F-E3323E80AAF4}.Release|Any CPU.Build.0 = Release|Any CPU
		{F021BE50-BDFB-427C-9495-888347C4E3B3}.Debug|Any CPU.ActiveCfg = Debug|Any CPU
		{F021BE50-BDFB-427C-9495-888347C4E3B3}.Debug|Any CPU.Build.0 = Debug|Any CPU
		{F021BE50-BDFB-427C-9495-888347C4E3B3}.Release|Any CPU.ActiveCfg = Release|Any CPU
		{F021BE50-BDFB-427C-9495-888347C4E3B3}.Release|Any CPU.Build.0 = Release|Any CPU
		{37662F23-90F7-4B41-8E45-5D1B09A96803}.Debug|Any CPU.ActiveCfg = Debug|Any CPU
		{37662F23-90F7-4B41-8E45-5D1B09A96803}.Debug|Any CPU.Build.0 = Debug|Any CPU
		{37662F23-90F7-4B41-8E45-5D1B09A96803}.Release|Any CPU.ActiveCfg = Release|Any CPU
		{37662F23-90F7-4B41-8E45-5D1B09A96803}.Release|Any CPU.Build.0 = Release|Any CPU
		{B13E1D5E-EF6B-4193-8BE6-4C85F8C1EE59}.Debug|Any CPU.ActiveCfg = Debug|Any CPU
		{B13E1D5E-EF6B-4193-8BE6-4C85F8C1EE59}.Debug|Any CPU.Build.0 = Debug|Any CPU
		{B13E1D5E-EF6B-4193-8BE6-4C85F8C1EE59}.Release|Any CPU.ActiveCfg = Release|Any CPU
		{B13E1D5E-EF6B-4193-8BE6-4C85F8C1EE59}.Release|Any CPU.Build.0 = Release|Any CPU
	EndGlobalSection
	GlobalSection(NestedProjects) = preSolution
		{0EF3CAB9-7361-472C-8789-D17D4EA2DEBB} = {D914C08C-5F1A-4E13-AAA6-F25E8C9748E2}
		{3C73AAB4-FA0C-475F-AAFE-DB682CB57027} = {E118E6FE-67E7-4472-A8D7-E7F470E66131}
		{9C7FFCAD-DDC1-4B69-9B39-30FD4A566CCB} = {AEB5E9CA-91FB-45DA-A9BF-7E286710C8EF}
		{4DC33EEF-4FD2-4038-BB0C-61E1B833A6B4} = {D914C08C-5F1A-4E13-AAA6-F25E8C9748E2}
		{493B3F23-DB1B-4633-8C6D-BAD18C59A239} = {E118E6FE-67E7-4472-A8D7-E7F470E66131}
		{0CC4DF8D-4C6D-416E-98D9-27B318826490} = {D914C08C-5F1A-4E13-AAA6-F25E8C9748E2}
		{B2402415-02BA-41D1-8A6A-81B361DCE048} = {E118E6FE-67E7-4472-A8D7-E7F470E66131}
		{B6AAC494-8D5E-4378-8305-84EC80C0A358} = {D914C08C-5F1A-4E13-AAA6-F25E8C9748E2}
		{5851EC52-2875-4AC0-8C69-EA0B5E0D2B8A} = {D914C08C-5F1A-4E13-AAA6-F25E8C9748E2}
		{DA31D2E8-2AC2-41D1-921B-7571881EE85F} = {D914C08C-5F1A-4E13-AAA6-F25E8C9748E2}
		{AE174C40-F7CB-4A17-A87A-F1CDCE218B78} = {E118E6FE-67E7-4472-A8D7-E7F470E66131}
		{744D7ACF-9C09-4A29-A950-910934D90BFD} = {D914C08C-5F1A-4E13-AAA6-F25E8C9748E2}
		{26B5BF58-A3B7-4966-A34C-9E7AF2994165} = {E118E6FE-67E7-4472-A8D7-E7F470E66131}
		{6D965165-3B4D-4C70-A559-6AD093879D5A} = {E118E6FE-67E7-4472-A8D7-E7F470E66131}
		{63A2C494-E9D9-486E-B709-39A10DD8B415} = {E118E6FE-67E7-4472-A8D7-E7F470E66131}
		{69DD5830-C682-49FB-B1A5-D2A506EEA06B} = {E118E6FE-67E7-4472-A8D7-E7F470E66131}
		{8EF48E6C-8219-4EE2-87C6-5176D8D092E6} = {E118E6FE-67E7-4472-A8D7-E7F470E66131}
		{9BCD0764-9C16-4A2A-B153-C676FEF38887} = {E118E6FE-67E7-4472-A8D7-E7F470E66131}
		{E9C139E7-8078-477F-8BC3-C7A6BB5445CD} = {E118E6FE-67E7-4472-A8D7-E7F470E66131}
		{B08D919D-6ABC-49C7-882D-8011C792BEBF} = {E118E6FE-67E7-4472-A8D7-E7F470E66131}
		{BA4F359E-8472-4634-832D-2B75DA6EAB04} = {E118E6FE-67E7-4472-A8D7-E7F470E66131}
		{9C23412C-7C5D-4C62-ACF6-43A3242EF663} = {E118E6FE-67E7-4472-A8D7-E7F470E66131}
		{D9EBF2FD-F055-4C54-B921-6D31466092EC} = {E118E6FE-67E7-4472-A8D7-E7F470E66131}
		{85246331-432A-4084-8A80-63CA2758DE2D} = {E118E6FE-67E7-4472-A8D7-E7F470E66131}
		{3811FB79-A4F4-4059-A498-A1CB1B09A7B6} = {E118E6FE-67E7-4472-A8D7-E7F470E66131}
		{6407D19E-68B9-4E41-9A0D-F6B723FFD549} = {E118E6FE-67E7-4472-A8D7-E7F470E66131}
		{6245051F-835D-41EB-89E0-95652B51153C} = {E118E6FE-67E7-4472-A8D7-E7F470E66131}
		{2A54A13E-6D54-4BC6-836D-740F12B62D02} = {E118E6FE-67E7-4472-A8D7-E7F470E66131}
		{13484484-682F-4D7A-AEF2-ECAF3A601311} = {E118E6FE-67E7-4472-A8D7-E7F470E66131}
		{D5A9B447-642A-4655-A8BE-CC59AD6BE275} = {E118E6FE-67E7-4472-A8D7-E7F470E66131}
		{61696194-C130-4388-9607-DA2D5295DC1F} = {E118E6FE-67E7-4472-A8D7-E7F470E66131}
		{2AFF4096-A539-4A01-B4F4-60389C11C039} = {E118E6FE-67E7-4472-A8D7-E7F470E66131}
		{7E65B1D3-507E-4C89-92A9-D25D0097888B} = {E118E6FE-67E7-4472-A8D7-E7F470E66131}
		{D6BF8B8D-99A1-4072-9EF1-4A7BFB34330F} = {E118E6FE-67E7-4472-A8D7-E7F470E66131}
		{E9E3FBE7-AE00-4E03-9085-F8611B795526} = {E118E6FE-67E7-4472-A8D7-E7F470E66131}
		{40DFBBDD-B423-47A2-A64F-CE4B1F9897AB} = {E118E6FE-67E7-4472-A8D7-E7F470E66131}
		{8B147D8C-BDF5-4C04-8891-15014451CC63} = {E118E6FE-67E7-4472-A8D7-E7F470E66131}
		{57860CCA-903B-4871-89E8-A674D3EE4446} = {E118E6FE-67E7-4472-A8D7-E7F470E66131}
		{3028FEDC-E937-4432-B74E-4E29304CD5C0} = {E118E6FE-67E7-4472-A8D7-E7F470E66131}
		{07F69457-3508-4DF4-9AB0-09659AC5C00F} = {E118E6FE-67E7-4472-A8D7-E7F470E66131}
		{941E4206-4260-4363-A1A0-A7D2E641CE4F} = {E118E6FE-67E7-4472-A8D7-E7F470E66131}
		{3061E7B1-ABE2-4E14-A650-CBC42450F21F} = {E118E6FE-67E7-4472-A8D7-E7F470E66131}
		{23A9B33D-118E-4BCE-85FB-0AAC6E4D15B6} = {E118E6FE-67E7-4472-A8D7-E7F470E66131}
		{B8DFAB77-3FD1-4FFF-A018-215EFC73D916} = {E118E6FE-67E7-4472-A8D7-E7F470E66131}
		{8044BAB5-5EF5-45FE-B819-18BDCC914C1B} = {E118E6FE-67E7-4472-A8D7-E7F470E66131}
		{54C073D4-88F8-46D2-9EDB-86C0A7819968} = {E118E6FE-67E7-4472-A8D7-E7F470E66131}
		{A0424CAD-F2F5-4A2A-A638-F5457BD098C6} = {E118E6FE-67E7-4472-A8D7-E7F470E66131}
		{B973129E-33DD-408F-988A-974F90C3B76C} = {E118E6FE-67E7-4472-A8D7-E7F470E66131}
		{94AD7598-865A-41A2-A2DE-A866FE7C54F3} = {E118E6FE-67E7-4472-A8D7-E7F470E66131}
		{D00D836B-6EAD-4E86-8F6A-A0FE10CC8A8C} = {E118E6FE-67E7-4472-A8D7-E7F470E66131}
		{404E524C-A719-4B3F-981E-98A0EC33E3F2} = {E118E6FE-67E7-4472-A8D7-E7F470E66131}
		{924CA5E4-F579-435F-B39A-11802F9B1390} = {E118E6FE-67E7-4472-A8D7-E7F470E66131}
		{1B9B2155-9D9C-4259-8015-4F06F944812C} = {E118E6FE-67E7-4472-A8D7-E7F470E66131}
		{B4A2F5BC-A07D-4C99-B022-B959B54CC4A0} = {E118E6FE-67E7-4472-A8D7-E7F470E66131}
		{554F618D-DDD1-484B-AE89-540852FF7D4F} = {E118E6FE-67E7-4472-A8D7-E7F470E66131}
		{C7D2CAEE-2DF4-4920-AE9F-E3323E80AAF4} = {E118E6FE-67E7-4472-A8D7-E7F470E66131}
		{F021BE50-BDFB-427C-9495-888347C4E3B3} = {E118E6FE-67E7-4472-A8D7-E7F470E66131}
		{37662F23-90F7-4B41-8E45-5D1B09A96803} = {E118E6FE-67E7-4472-A8D7-E7F470E66131}
		{B13E1D5E-EF6B-4193-8BE6-4C85F8C1EE59} = {E118E6FE-67E7-4472-A8D7-E7F470E66131}
	EndGlobalSection
EndGlobal
