
Microsoft Visual Studio Solution File, Format Version 12.00
# Visual Studio 15
VisualStudioVersion = 15.0.27703.2042
MinimumVisualStudioVersion = 10.0.40219.1
Project("{FAE04EC0-301F-11D3-BF4B-00C04F79EFBC}") = "PixiEditor", "PixiEditor.csproj", "{04324995-2B67-402A-A427-F35AFA014D05}"
EndProject
Global
	GlobalSection(SolutionConfigurationPlatforms) = preSolution
		Debug|Any CPU = Debug|Any CPU
		Release|Any CPU = Release|Any CPU
	EndGlobalSection
	GlobalSection(ProjectConfigurationPlatforms) = postSolution
		{04324995-2B67-402A-A427-F35AFA014D05}.Debug|Any CPU.ActiveCfg = Debug|Any CPU
		{04324995-2B67-402A-A427-F35AFA014D05}.Debug|Any CPU.Build.0 = Debug|Any CPU
		{04324995-2B67-402A-A427-F35AFA014D05}.Release|Any CPU.ActiveCfg = Release|Any CPU
		{04324995-2B67-402A-A427-F35AFA014D05}.Release|Any CPU.Build.0 = Release|Any CPU
	EndGlobalSection
	GlobalSection(SolutionProperties) = preSolution
		HideSolutionNode = FALSE
	EndGlobalSection
	GlobalSection(ExtensibilityGlobals) = postSolution
		SolutionGuid = {F514506B-7EFD-425F-9491-0C9D4ED0266B}
	EndGlobalSection
EndGlobal
