
Microsoft Visual Studio Solution File, Format Version 12.00
# Visual Studio Version 17
VisualStudioVersion = 17.0.31903.59
MinimumVisualStudioVersion = 10.0.40219.1
Project("{FAE04EC0-301F-11D3-BF4B-00C04F79EFBC}") = "PixiEditor.Extensions.Wasm", "..\src\PixiEditor.Extensions.Wasm\PixiEditor.Extensions.Wasm.csproj", "{FD9B4C32-4D2E-410E-BC6B-787779BEB6E2}"
EndProject
Project("{FAE04EC0-301F-11D3-BF4B-00C04F79EFBC}") = "HelloWorld", "HelloWorld\HelloWorld.csproj", "{82A85041-A666-42DB-8F84-7D91EF9A5C9D}"
EndProject
Project("{FAE04EC0-301F-11D3-BF4B-00C04F79EFBC}") = "LocalizationSample", "LocalizationSample\LocalizationSample.csproj", "{3201A287-5103-48F1-9005-E27B5025E6FA}"
EndProject
Global
	GlobalSection(SolutionConfigurationPlatforms) = preSolution
		Debug|Any CPU = Debug|Any CPU
		Release|Any CPU = Release|Any CPU
	EndGlobalSection
	GlobalSection(SolutionProperties) = preSolution
		HideSolutionNode = FALSE
	EndGlobalSection
	GlobalSection(ProjectConfigurationPlatforms) = postSolution
		{FD9B4C32-4D2E-410E-BC6B-787779BEB6E2}.Debug|Any CPU.ActiveCfg = Debug|Any CPU
		{FD9B4C32-4D2E-410E-BC6B-787779BEB6E2}.Debug|Any CPU.Build.0 = Debug|Any CPU
		{FD9B4C32-4D2E-410E-BC6B-787779BEB6E2}.Release|Any CPU.ActiveCfg = Release|Any CPU
		{FD9B4C32-4D2E-410E-BC6B-787779BEB6E2}.Release|Any CPU.Build.0 = Release|Any CPU
		{82A85041-A666-42DB-8F84-7D91EF9A5C9D}.Debug|Any CPU.ActiveCfg = Debug|Any CPU
		{82A85041-A666-42DB-8F84-7D91EF9A5C9D}.Debug|Any CPU.Build.0 = Debug|Any CPU
		{82A85041-A666-42DB-8F84-7D91EF9A5C9D}.Release|Any CPU.ActiveCfg = Release|Any CPU
		{82A85041-A666-42DB-8F84-7D91EF9A5C9D}.Release|Any CPU.Build.0 = Release|Any CPU
		{3201A287-5103-48F1-9005-E27B5025E6FA}.Debug|Any CPU.ActiveCfg = Debug|Any CPU
		{3201A287-5103-48F1-9005-E27B5025E6FA}.Debug|Any CPU.Build.0 = Debug|Any CPU
		{3201A287-5103-48F1-9005-E27B5025E6FA}.Release|Any CPU.ActiveCfg = Release|Any CPU
		{3201A287-5103-48F1-9005-E27B5025E6FA}.Release|Any CPU.Build.0 = Release|Any CPU
	EndGlobalSection
EndGlobal
