
Microsoft Visual Studio Solution File, Format Version 12.00
# Visual Studio Version 17
VisualStudioVersion = 17.1.31911.260
MinimumVisualStudioVersion = 10.0.40219.1
Project("{9A19103F-16F7-4668-BE54-9A1E7A4F7556}") = "PixiEditor", "PixiEditor\PixiEditor.csproj", "{2CCDDE79-06CB-4771-AF85-7B25313EBA30}"
EndProject
Project("{9A19103F-16F7-4668-BE54-9A1E7A4F7556}") = "PixiEditor.UpdateInstaller", "PixiEditor.UpdateInstaller\PixiEditor.UpdateInstaller.csproj", "{41B40602-2E8C-4B76-9BDB-B9FDE686ACCE}"
EndProject
Project("{9A19103F-16F7-4668-BE54-9A1E7A4F7556}") = "PixiEditor.UpdateModule", "PixiEditor.UpdateModule\PixiEditor.UpdateModule.csproj", "{80BB2920-3DC0-406C-9E2B-30B08D5CC7A8}"
EndProject
Project("{9A19103F-16F7-4668-BE54-9A1E7A4F7556}") = "PixiEditorTests", "PixiEditorTests\PixiEditorTests.csproj", "{5193C1C1-8362-40FD-802B-E097E8C88082}"
EndProject
Project("{2150E333-8FDC-42A3-9474-1A3956D46DE8}") = "BuildConfiguration", "BuildConfiguration", "{9337E60D-8425-4E87-950C-F07A09518081}"
	ProjectSection(SolutionItems) = preProject
		Custom.ruleset = Custom.ruleset
		Directory.Build.props = Directory.Build.props
		stylecop.json = stylecop.json
	EndProjectSection
EndProject
Project("{C7167F0D-BC9F-4E6E-AFE1-012C56B48DB5}") = "PixiEditor.MSIX", "PixiEditor.MSIX\PixiEditor.MSIX.wapproj", "{1F97F972-F9E8-4F35-A8B5-3F71408D2230}"
EndProject
Project("{9A19103F-16F7-4668-BE54-9A1E7A4F7556}") = "ChunkyImageLib", "ChunkyImageLib\ChunkyImageLib.csproj", "{6A9DA760-1E47-414C-B8E8-3B4927F18131}"
EndProject
Project("{9A19103F-16F7-4668-BE54-9A1E7A4F7556}") = "ChunkyImageLibTest", "ChunkyImageLibTest\ChunkyImageLibTest.csproj", "{E31A8266-5BCA-4877-B9E5-9C5BB42829D6}"
EndProject
Project("{9A19103F-16F7-4668-BE54-9A1E7A4F7556}") = "ChunkyImageLibVis", "ChunkyImageLibVis\ChunkyImageLibVis.csproj", "{510ED47C-2455-4DCE-A561-1074725E1236}"
EndProject
Project("{9A19103F-16F7-4668-BE54-9A1E7A4F7556}") = "PixiEditor.ChangeableDocument", "PixiEditor.ChangeableDocument\PixiEditor.ChangeableDocument.csproj", "{294FD171-9536-474C-A679-83F0266275FB}"
EndProject
Project("{9A19103F-16F7-4668-BE54-9A1E7A4F7556}") = "PixiEditor.ChangeableDocument.Gen", "PixiEditor.ChangeableDocument.Gen\PixiEditor.ChangeableDocument.Gen.csproj", "{758DF7DF-A8B1-4409-B79A-018E542B7251}"
EndProject
Project("{9A19103F-16F7-4668-BE54-9A1E7A4F7556}") = "PixiEditor.Zoombox", "PixiEditor.Zoombox\PixiEditor.Zoombox.csproj", "{69DD5830-C682-49FB-B1A5-D2A506EEA06B}"
EndProject
Project("{9A19103F-16F7-4668-BE54-9A1E7A4F7556}") = "PixiEditor.DrawingApi.Core", "PixiEditor.DrawingApi.Core\PixiEditor.DrawingApi.Core.csproj", "{5FC5E9C5-F439-43AA-92AF-9B7554D6FA13}"
EndProject
Project("{9A19103F-16F7-4668-BE54-9A1E7A4F7556}") = "PixiEditor.DrawingApi.Skia", "PixiEditor.DrawingApi.Skia\PixiEditor.DrawingApi.Skia.csproj", "{98040E8A-F08E-45F8-956F-6480C8272049}"
EndProject
Project("{9A19103F-16F7-4668-BE54-9A1E7A4F7556}") = "PixiEditorGen", "PixiEditorGen\PixiEditorGen.csproj", "{1DC5B4C4-6902-4659-AE7E-17FDA0403DEB}"
EndProject
Project("{FAE04EC0-301F-11D3-BF4B-00C04F79EFBC}") = "PixiEditor.Builder", "PixiEditor.Builder\build\PixiEditor.Builder.csproj", "{7AEE19FA-A4F8-4ACA-9E39-401AA1F603C2}"
EndProject
Global
	GlobalSection(SolutionConfigurationPlatforms) = preSolution
		Debug|Any CPU = Debug|Any CPU
		Debug|x64 = Debug|x64
		Debug|x86 = Debug|x86
		Dev Release|Any CPU = Dev Release|Any CPU
		Dev Release|x64 = Dev Release|x64
		Dev Release|x86 = Dev Release|x86
		MSIX Debug|Any CPU = MSIX Debug|Any CPU
		MSIX Debug|x64 = MSIX Debug|x64
		MSIX Debug|x86 = MSIX Debug|x86
		MSIX|Any CPU = MSIX|Any CPU
		MSIX|x64 = MSIX|x64
		MSIX|x86 = MSIX|x86
		Release|Any CPU = Release|Any CPU
		Release|x64 = Release|x64
		Release|x86 = Release|x86
		Steam|Any CPU = Steam|Any CPU
		Steam|x64 = Steam|x64
		Steam|x86 = Steam|x86
	EndGlobalSection
	GlobalSection(ProjectConfigurationPlatforms) = postSolution
		{2CCDDE79-06CB-4771-AF85-7B25313EBA30}.Debug|Any CPU.ActiveCfg = Debug|x86
		{2CCDDE79-06CB-4771-AF85-7B25313EBA30}.Debug|Any CPU.Build.0 = Debug|x86
		{2CCDDE79-06CB-4771-AF85-7B25313EBA30}.Debug|x64.ActiveCfg = Debug|x64
		{2CCDDE79-06CB-4771-AF85-7B25313EBA30}.Debug|x64.Build.0 = Debug|x64
		{2CCDDE79-06CB-4771-AF85-7B25313EBA30}.Debug|x86.ActiveCfg = Debug|x86
		{2CCDDE79-06CB-4771-AF85-7B25313EBA30}.Debug|x86.Build.0 = Debug|x86
		{2CCDDE79-06CB-4771-AF85-7B25313EBA30}.Dev Release|Any CPU.ActiveCfg = Dev Release|Any CPU
		{2CCDDE79-06CB-4771-AF85-7B25313EBA30}.Dev Release|Any CPU.Build.0 = Dev Release|Any CPU
		{2CCDDE79-06CB-4771-AF85-7B25313EBA30}.Dev Release|x64.ActiveCfg = Dev Release|x64
		{2CCDDE79-06CB-4771-AF85-7B25313EBA30}.Dev Release|x64.Build.0 = Dev Release|x64
		{2CCDDE79-06CB-4771-AF85-7B25313EBA30}.Dev Release|x86.ActiveCfg = Dev Release|x86
		{2CCDDE79-06CB-4771-AF85-7B25313EBA30}.Dev Release|x86.Build.0 = Dev Release|x86
		{2CCDDE79-06CB-4771-AF85-7B25313EBA30}.MSIX Debug|Any CPU.ActiveCfg = MSIX Debug|Any CPU
		{2CCDDE79-06CB-4771-AF85-7B25313EBA30}.MSIX Debug|Any CPU.Build.0 = MSIX Debug|Any CPU
		{2CCDDE79-06CB-4771-AF85-7B25313EBA30}.MSIX Debug|x64.ActiveCfg = MSIX Debug|x64
		{2CCDDE79-06CB-4771-AF85-7B25313EBA30}.MSIX Debug|x64.Build.0 = MSIX Debug|x64
		{2CCDDE79-06CB-4771-AF85-7B25313EBA30}.MSIX Debug|x86.ActiveCfg = Debug|x86
		{2CCDDE79-06CB-4771-AF85-7B25313EBA30}.MSIX Debug|x86.Build.0 = Debug|x86
		{2CCDDE79-06CB-4771-AF85-7B25313EBA30}.MSIX|Any CPU.ActiveCfg = MSIX|Any CPU
		{2CCDDE79-06CB-4771-AF85-7B25313EBA30}.MSIX|Any CPU.Build.0 = MSIX|Any CPU
		{2CCDDE79-06CB-4771-AF85-7B25313EBA30}.MSIX|x64.ActiveCfg = MSIX|x64
		{2CCDDE79-06CB-4771-AF85-7B25313EBA30}.MSIX|x64.Build.0 = MSIX|x64
		{2CCDDE79-06CB-4771-AF85-7B25313EBA30}.MSIX|x86.ActiveCfg = Release|x86
		{2CCDDE79-06CB-4771-AF85-7B25313EBA30}.MSIX|x86.Build.0 = Release|x86
		{2CCDDE79-06CB-4771-AF85-7B25313EBA30}.Release|Any CPU.ActiveCfg = Release|Any CPU
		{2CCDDE79-06CB-4771-AF85-7B25313EBA30}.Release|Any CPU.Build.0 = Release|Any CPU
		{2CCDDE79-06CB-4771-AF85-7B25313EBA30}.Release|x64.ActiveCfg = Release|x64
		{2CCDDE79-06CB-4771-AF85-7B25313EBA30}.Release|x64.Build.0 = Release|x64
		{2CCDDE79-06CB-4771-AF85-7B25313EBA30}.Release|x86.ActiveCfg = Release|x86
		{2CCDDE79-06CB-4771-AF85-7B25313EBA30}.Release|x86.Build.0 = Release|x86
		{2CCDDE79-06CB-4771-AF85-7B25313EBA30}.Steam|Any CPU.ActiveCfg = Steam|Any CPU
		{2CCDDE79-06CB-4771-AF85-7B25313EBA30}.Steam|Any CPU.Build.0 = Steam|Any CPU
		{2CCDDE79-06CB-4771-AF85-7B25313EBA30}.Steam|x64.ActiveCfg = Steam|x64
		{2CCDDE79-06CB-4771-AF85-7B25313EBA30}.Steam|x64.Build.0 = Steam|x64
		{2CCDDE79-06CB-4771-AF85-7B25313EBA30}.Steam|x86.ActiveCfg = Steam|x86
		{2CCDDE79-06CB-4771-AF85-7B25313EBA30}.Steam|x86.Build.0 = Steam|x86
		{41B40602-2E8C-4B76-9BDB-B9FDE686ACCE}.Debug|Any CPU.ActiveCfg = Debug|Any CPU
		{41B40602-2E8C-4B76-9BDB-B9FDE686ACCE}.Debug|Any CPU.Build.0 = Debug|Any CPU
		{41B40602-2E8C-4B76-9BDB-B9FDE686ACCE}.Debug|x64.ActiveCfg = Debug|x64
		{41B40602-2E8C-4B76-9BDB-B9FDE686ACCE}.Debug|x64.Build.0 = Debug|x64
		{41B40602-2E8C-4B76-9BDB-B9FDE686ACCE}.Debug|x86.ActiveCfg = Debug|x86
		{41B40602-2E8C-4B76-9BDB-B9FDE686ACCE}.Debug|x86.Build.0 = Debug|x86
		{41B40602-2E8C-4B76-9BDB-B9FDE686ACCE}.Dev Release|Any CPU.ActiveCfg = Release|Any CPU
		{41B40602-2E8C-4B76-9BDB-B9FDE686ACCE}.Dev Release|Any CPU.Build.0 = Release|Any CPU
		{41B40602-2E8C-4B76-9BDB-B9FDE686ACCE}.Dev Release|x64.ActiveCfg = Release|x64
		{41B40602-2E8C-4B76-9BDB-B9FDE686ACCE}.Dev Release|x64.Build.0 = Release|x64
		{41B40602-2E8C-4B76-9BDB-B9FDE686ACCE}.Dev Release|x86.ActiveCfg = Release|x86
		{41B40602-2E8C-4B76-9BDB-B9FDE686ACCE}.Dev Release|x86.Build.0 = Release|x86
		{41B40602-2E8C-4B76-9BDB-B9FDE686ACCE}.MSIX Debug|Any CPU.ActiveCfg = Debug|Any CPU
		{41B40602-2E8C-4B76-9BDB-B9FDE686ACCE}.MSIX Debug|Any CPU.Build.0 = Debug|Any CPU
		{41B40602-2E8C-4B76-9BDB-B9FDE686ACCE}.MSIX Debug|x64.ActiveCfg = Debug|x64
		{41B40602-2E8C-4B76-9BDB-B9FDE686ACCE}.MSIX Debug|x64.Build.0 = Debug|x64
		{41B40602-2E8C-4B76-9BDB-B9FDE686ACCE}.MSIX Debug|x86.ActiveCfg = Debug|x86
		{41B40602-2E8C-4B76-9BDB-B9FDE686ACCE}.MSIX Debug|x86.Build.0 = Debug|x86
		{41B40602-2E8C-4B76-9BDB-B9FDE686ACCE}.MSIX|Any CPU.ActiveCfg = Release|Any CPU
		{41B40602-2E8C-4B76-9BDB-B9FDE686ACCE}.MSIX|Any CPU.Build.0 = Release|Any CPU
		{41B40602-2E8C-4B76-9BDB-B9FDE686ACCE}.MSIX|x64.ActiveCfg = Release|x64
		{41B40602-2E8C-4B76-9BDB-B9FDE686ACCE}.MSIX|x64.Build.0 = Release|x64
		{41B40602-2E8C-4B76-9BDB-B9FDE686ACCE}.MSIX|x86.ActiveCfg = Release|x86
		{41B40602-2E8C-4B76-9BDB-B9FDE686ACCE}.MSIX|x86.Build.0 = Release|x86
		{41B40602-2E8C-4B76-9BDB-B9FDE686ACCE}.Release|Any CPU.ActiveCfg = Release|Any CPU
		{41B40602-2E8C-4B76-9BDB-B9FDE686ACCE}.Release|Any CPU.Build.0 = Release|Any CPU
		{41B40602-2E8C-4B76-9BDB-B9FDE686ACCE}.Release|x64.ActiveCfg = Release|x64
		{41B40602-2E8C-4B76-9BDB-B9FDE686ACCE}.Release|x64.Build.0 = Release|x64
		{41B40602-2E8C-4B76-9BDB-B9FDE686ACCE}.Release|x86.ActiveCfg = Release|x86
		{41B40602-2E8C-4B76-9BDB-B9FDE686ACCE}.Release|x86.Build.0 = Release|x86
		{41B40602-2E8C-4B76-9BDB-B9FDE686ACCE}.Steam|Any CPU.ActiveCfg = Steam|Any CPU
		{41B40602-2E8C-4B76-9BDB-B9FDE686ACCE}.Steam|Any CPU.Build.0 = Steam|Any CPU
		{41B40602-2E8C-4B76-9BDB-B9FDE686ACCE}.Steam|x64.ActiveCfg = Steam|x64
		{41B40602-2E8C-4B76-9BDB-B9FDE686ACCE}.Steam|x64.Build.0 = Steam|x64
		{41B40602-2E8C-4B76-9BDB-B9FDE686ACCE}.Steam|x86.ActiveCfg = Steam|x86
		{41B40602-2E8C-4B76-9BDB-B9FDE686ACCE}.Steam|x86.Build.0 = Steam|x86
		{80BB2920-3DC0-406C-9E2B-30B08D5CC7A8}.Debug|Any CPU.ActiveCfg = Debug|Any CPU
		{80BB2920-3DC0-406C-9E2B-30B08D5CC7A8}.Debug|Any CPU.Build.0 = Debug|Any CPU
		{80BB2920-3DC0-406C-9E2B-30B08D5CC7A8}.Debug|x64.ActiveCfg = Debug|x64
		{80BB2920-3DC0-406C-9E2B-30B08D5CC7A8}.Debug|x64.Build.0 = Debug|x64
		{80BB2920-3DC0-406C-9E2B-30B08D5CC7A8}.Debug|x86.ActiveCfg = Debug|x86
		{80BB2920-3DC0-406C-9E2B-30B08D5CC7A8}.Debug|x86.Build.0 = Debug|x86
		{80BB2920-3DC0-406C-9E2B-30B08D5CC7A8}.Dev Release|Any CPU.ActiveCfg = Release|Any CPU
		{80BB2920-3DC0-406C-9E2B-30B08D5CC7A8}.Dev Release|Any CPU.Build.0 = Release|Any CPU
		{80BB2920-3DC0-406C-9E2B-30B08D5CC7A8}.Dev Release|x64.ActiveCfg = Release|x64
		{80BB2920-3DC0-406C-9E2B-30B08D5CC7A8}.Dev Release|x64.Build.0 = Release|x64
		{80BB2920-3DC0-406C-9E2B-30B08D5CC7A8}.Dev Release|x86.ActiveCfg = Release|x86
		{80BB2920-3DC0-406C-9E2B-30B08D5CC7A8}.Dev Release|x86.Build.0 = Release|x86
		{80BB2920-3DC0-406C-9E2B-30B08D5CC7A8}.MSIX Debug|Any CPU.ActiveCfg = Debug|Any CPU
		{80BB2920-3DC0-406C-9E2B-30B08D5CC7A8}.MSIX Debug|Any CPU.Build.0 = Debug|Any CPU
		{80BB2920-3DC0-406C-9E2B-30B08D5CC7A8}.MSIX Debug|x64.ActiveCfg = Debug|x64
		{80BB2920-3DC0-406C-9E2B-30B08D5CC7A8}.MSIX Debug|x64.Build.0 = Debug|x64
		{80BB2920-3DC0-406C-9E2B-30B08D5CC7A8}.MSIX Debug|x86.ActiveCfg = Debug|x86
		{80BB2920-3DC0-406C-9E2B-30B08D5CC7A8}.MSIX Debug|x86.Build.0 = Debug|x86
		{80BB2920-3DC0-406C-9E2B-30B08D5CC7A8}.MSIX|Any CPU.ActiveCfg = Release|Any CPU
		{80BB2920-3DC0-406C-9E2B-30B08D5CC7A8}.MSIX|Any CPU.Build.0 = Release|Any CPU
		{80BB2920-3DC0-406C-9E2B-30B08D5CC7A8}.MSIX|x64.ActiveCfg = Release|x64
		{80BB2920-3DC0-406C-9E2B-30B08D5CC7A8}.MSIX|x64.Build.0 = Release|x64
		{80BB2920-3DC0-406C-9E2B-30B08D5CC7A8}.MSIX|x86.ActiveCfg = Release|x86
		{80BB2920-3DC0-406C-9E2B-30B08D5CC7A8}.MSIX|x86.Build.0 = Release|x86
		{80BB2920-3DC0-406C-9E2B-30B08D5CC7A8}.Release|Any CPU.ActiveCfg = Release|Any CPU
		{80BB2920-3DC0-406C-9E2B-30B08D5CC7A8}.Release|Any CPU.Build.0 = Release|Any CPU
		{80BB2920-3DC0-406C-9E2B-30B08D5CC7A8}.Release|x64.ActiveCfg = Release|x64
		{80BB2920-3DC0-406C-9E2B-30B08D5CC7A8}.Release|x64.Build.0 = Release|x64
		{80BB2920-3DC0-406C-9E2B-30B08D5CC7A8}.Release|x86.ActiveCfg = Release|x86
		{80BB2920-3DC0-406C-9E2B-30B08D5CC7A8}.Release|x86.Build.0 = Release|x86
		{80BB2920-3DC0-406C-9E2B-30B08D5CC7A8}.Steam|Any CPU.ActiveCfg = Steam|Any CPU
		{80BB2920-3DC0-406C-9E2B-30B08D5CC7A8}.Steam|Any CPU.Build.0 = Steam|Any CPU
		{80BB2920-3DC0-406C-9E2B-30B08D5CC7A8}.Steam|x64.ActiveCfg = Steam|x64
		{80BB2920-3DC0-406C-9E2B-30B08D5CC7A8}.Steam|x64.Build.0 = Steam|x64
		{80BB2920-3DC0-406C-9E2B-30B08D5CC7A8}.Steam|x86.ActiveCfg = Steam|x86
		{80BB2920-3DC0-406C-9E2B-30B08D5CC7A8}.Steam|x86.Build.0 = Steam|x86
		{5193C1C1-8362-40FD-802B-E097E8C88082}.Debug|Any CPU.ActiveCfg = Debug|Any CPU
		{5193C1C1-8362-40FD-802B-E097E8C88082}.Debug|Any CPU.Build.0 = Debug|Any CPU
		{5193C1C1-8362-40FD-802B-E097E8C88082}.Debug|x64.ActiveCfg = Debug|x64
		{5193C1C1-8362-40FD-802B-E097E8C88082}.Debug|x64.Build.0 = Debug|x64
		{5193C1C1-8362-40FD-802B-E097E8C88082}.Debug|x86.ActiveCfg = Debug|x86
		{5193C1C1-8362-40FD-802B-E097E8C88082}.Debug|x86.Build.0 = Debug|x86
		{5193C1C1-8362-40FD-802B-E097E8C88082}.Dev Release|Any CPU.ActiveCfg = Release|Any CPU
		{5193C1C1-8362-40FD-802B-E097E8C88082}.Dev Release|Any CPU.Build.0 = Release|Any CPU
		{5193C1C1-8362-40FD-802B-E097E8C88082}.Dev Release|x64.ActiveCfg = Release|x64
		{5193C1C1-8362-40FD-802B-E097E8C88082}.Dev Release|x64.Build.0 = Release|x64
		{5193C1C1-8362-40FD-802B-E097E8C88082}.Dev Release|x86.ActiveCfg = Release|x86
		{5193C1C1-8362-40FD-802B-E097E8C88082}.Dev Release|x86.Build.0 = Release|x86
		{5193C1C1-8362-40FD-802B-E097E8C88082}.MSIX Debug|Any CPU.ActiveCfg = Debug|Any CPU
		{5193C1C1-8362-40FD-802B-E097E8C88082}.MSIX Debug|Any CPU.Build.0 = Debug|Any CPU
		{5193C1C1-8362-40FD-802B-E097E8C88082}.MSIX Debug|x64.ActiveCfg = Debug|x64
		{5193C1C1-8362-40FD-802B-E097E8C88082}.MSIX Debug|x64.Build.0 = Debug|x64
		{5193C1C1-8362-40FD-802B-E097E8C88082}.MSIX Debug|x86.ActiveCfg = Debug|x86
		{5193C1C1-8362-40FD-802B-E097E8C88082}.MSIX Debug|x86.Build.0 = Debug|x86
		{5193C1C1-8362-40FD-802B-E097E8C88082}.MSIX|Any CPU.ActiveCfg = Release|Any CPU
		{5193C1C1-8362-40FD-802B-E097E8C88082}.MSIX|Any CPU.Build.0 = Release|Any CPU
		{5193C1C1-8362-40FD-802B-E097E8C88082}.MSIX|x64.ActiveCfg = Release|x64
		{5193C1C1-8362-40FD-802B-E097E8C88082}.MSIX|x64.Build.0 = Release|x64
		{5193C1C1-8362-40FD-802B-E097E8C88082}.MSIX|x86.ActiveCfg = Release|x86
		{5193C1C1-8362-40FD-802B-E097E8C88082}.MSIX|x86.Build.0 = Release|x86
		{5193C1C1-8362-40FD-802B-E097E8C88082}.Release|Any CPU.ActiveCfg = Release|Any CPU
		{5193C1C1-8362-40FD-802B-E097E8C88082}.Release|Any CPU.Build.0 = Release|Any CPU
		{5193C1C1-8362-40FD-802B-E097E8C88082}.Release|x64.ActiveCfg = Release|x64
		{5193C1C1-8362-40FD-802B-E097E8C88082}.Release|x64.Build.0 = Release|x64
		{5193C1C1-8362-40FD-802B-E097E8C88082}.Release|x86.ActiveCfg = Release|x86
		{5193C1C1-8362-40FD-802B-E097E8C88082}.Release|x86.Build.0 = Release|x86
		{5193C1C1-8362-40FD-802B-E097E8C88082}.Steam|Any CPU.ActiveCfg = Steam|Any CPU
		{5193C1C1-8362-40FD-802B-E097E8C88082}.Steam|Any CPU.Build.0 = Steam|Any CPU
		{5193C1C1-8362-40FD-802B-E097E8C88082}.Steam|x64.ActiveCfg = Steam|x64
		{5193C1C1-8362-40FD-802B-E097E8C88082}.Steam|x64.Build.0 = Steam|x64
		{5193C1C1-8362-40FD-802B-E097E8C88082}.Steam|x86.ActiveCfg = Steam|x86
		{5193C1C1-8362-40FD-802B-E097E8C88082}.Steam|x86.Build.0 = Steam|x86
		{1F97F972-F9E8-4F35-A8B5-3F71408D2230}.Debug|Any CPU.ActiveCfg = Debug|Any CPU
		{1F97F972-F9E8-4F35-A8B5-3F71408D2230}.Debug|Any CPU.Build.0 = Debug|Any CPU
		{1F97F972-F9E8-4F35-A8B5-3F71408D2230}.Debug|Any CPU.Deploy.0 = Debug|Any CPU
		{1F97F972-F9E8-4F35-A8B5-3F71408D2230}.Debug|x64.ActiveCfg = Debug|x64
		{1F97F972-F9E8-4F35-A8B5-3F71408D2230}.Debug|x64.Build.0 = Debug|x64
		{1F97F972-F9E8-4F35-A8B5-3F71408D2230}.Debug|x64.Deploy.0 = Debug|x64
		{1F97F972-F9E8-4F35-A8B5-3F71408D2230}.Debug|x86.ActiveCfg = Debug|x86
		{1F97F972-F9E8-4F35-A8B5-3F71408D2230}.Debug|x86.Build.0 = Debug|x86
		{1F97F972-F9E8-4F35-A8B5-3F71408D2230}.Debug|x86.Deploy.0 = Debug|x86
		{1F97F972-F9E8-4F35-A8B5-3F71408D2230}.Dev Release|Any CPU.ActiveCfg = Release|Any CPU
		{1F97F972-F9E8-4F35-A8B5-3F71408D2230}.Dev Release|Any CPU.Build.0 = Release|Any CPU
		{1F97F972-F9E8-4F35-A8B5-3F71408D2230}.Dev Release|Any CPU.Deploy.0 = Release|Any CPU
		{1F97F972-F9E8-4F35-A8B5-3F71408D2230}.Dev Release|x64.ActiveCfg = Release|x64
		{1F97F972-F9E8-4F35-A8B5-3F71408D2230}.Dev Release|x64.Build.0 = Release|x64
		{1F97F972-F9E8-4F35-A8B5-3F71408D2230}.Dev Release|x64.Deploy.0 = Release|x64
		{1F97F972-F9E8-4F35-A8B5-3F71408D2230}.Dev Release|x86.ActiveCfg = Release|x86
		{1F97F972-F9E8-4F35-A8B5-3F71408D2230}.Dev Release|x86.Build.0 = Release|x86
		{1F97F972-F9E8-4F35-A8B5-3F71408D2230}.Dev Release|x86.Deploy.0 = Release|x86
		{1F97F972-F9E8-4F35-A8B5-3F71408D2230}.MSIX Debug|Any CPU.ActiveCfg = Debug|Any CPU
		{1F97F972-F9E8-4F35-A8B5-3F71408D2230}.MSIX Debug|Any CPU.Build.0 = Debug|Any CPU
		{1F97F972-F9E8-4F35-A8B5-3F71408D2230}.MSIX Debug|Any CPU.Deploy.0 = Debug|Any CPU
		{1F97F972-F9E8-4F35-A8B5-3F71408D2230}.MSIX Debug|x64.ActiveCfg = Debug|x64
		{1F97F972-F9E8-4F35-A8B5-3F71408D2230}.MSIX Debug|x64.Build.0 = Debug|x64
		{1F97F972-F9E8-4F35-A8B5-3F71408D2230}.MSIX Debug|x64.Deploy.0 = Debug|x64
		{1F97F972-F9E8-4F35-A8B5-3F71408D2230}.MSIX Debug|x86.ActiveCfg = Debug|x86
		{1F97F972-F9E8-4F35-A8B5-3F71408D2230}.MSIX Debug|x86.Build.0 = Debug|x86
		{1F97F972-F9E8-4F35-A8B5-3F71408D2230}.MSIX Debug|x86.Deploy.0 = Debug|x86
		{1F97F972-F9E8-4F35-A8B5-3F71408D2230}.MSIX|Any CPU.ActiveCfg = Release|Any CPU
		{1F97F972-F9E8-4F35-A8B5-3F71408D2230}.MSIX|Any CPU.Build.0 = Release|Any CPU
		{1F97F972-F9E8-4F35-A8B5-3F71408D2230}.MSIX|Any CPU.Deploy.0 = Release|Any CPU
		{1F97F972-F9E8-4F35-A8B5-3F71408D2230}.MSIX|x64.ActiveCfg = Release|x64
		{1F97F972-F9E8-4F35-A8B5-3F71408D2230}.MSIX|x64.Build.0 = Release|x64
		{1F97F972-F9E8-4F35-A8B5-3F71408D2230}.MSIX|x64.Deploy.0 = Release|x64
		{1F97F972-F9E8-4F35-A8B5-3F71408D2230}.MSIX|x86.ActiveCfg = Release|x86
		{1F97F972-F9E8-4F35-A8B5-3F71408D2230}.MSIX|x86.Build.0 = Release|x86
		{1F97F972-F9E8-4F35-A8B5-3F71408D2230}.MSIX|x86.Deploy.0 = Release|x86
		{1F97F972-F9E8-4F35-A8B5-3F71408D2230}.Release|Any CPU.ActiveCfg = Release|Any CPU
		{1F97F972-F9E8-4F35-A8B5-3F71408D2230}.Release|Any CPU.Build.0 = Release|Any CPU
		{1F97F972-F9E8-4F35-A8B5-3F71408D2230}.Release|Any CPU.Deploy.0 = Release|Any CPU
		{1F97F972-F9E8-4F35-A8B5-3F71408D2230}.Release|x64.ActiveCfg = Release|x64
		{1F97F972-F9E8-4F35-A8B5-3F71408D2230}.Release|x86.ActiveCfg = Release|x86
		{1F97F972-F9E8-4F35-A8B5-3F71408D2230}.Steam|Any CPU.ActiveCfg = Release|Any CPU
		{1F97F972-F9E8-4F35-A8B5-3F71408D2230}.Steam|Any CPU.Build.0 = Release|Any CPU
		{1F97F972-F9E8-4F35-A8B5-3F71408D2230}.Steam|x64.ActiveCfg = Steam|x64
		{1F97F972-F9E8-4F35-A8B5-3F71408D2230}.Steam|x64.Build.0 = Steam|x64
		{1F97F972-F9E8-4F35-A8B5-3F71408D2230}.Steam|x86.ActiveCfg = Steam|x86
		{1F97F972-F9E8-4F35-A8B5-3F71408D2230}.Steam|x86.Build.0 = Steam|x86
		{6A9DA760-1E47-414C-B8E8-3B4927F18131}.Debug|Any CPU.ActiveCfg = Debug|Any CPU
		{6A9DA760-1E47-414C-B8E8-3B4927F18131}.Debug|Any CPU.Build.0 = Debug|Any CPU
		{6A9DA760-1E47-414C-B8E8-3B4927F18131}.Debug|x64.ActiveCfg = Debug|Any CPU
		{6A9DA760-1E47-414C-B8E8-3B4927F18131}.Debug|x64.Build.0 = Debug|Any CPU
		{6A9DA760-1E47-414C-B8E8-3B4927F18131}.Debug|x86.ActiveCfg = Debug|Any CPU
		{6A9DA760-1E47-414C-B8E8-3B4927F18131}.Debug|x86.Build.0 = Debug|Any CPU
		{6A9DA760-1E47-414C-B8E8-3B4927F18131}.Dev Release|Any CPU.ActiveCfg = Release|Any CPU
		{6A9DA760-1E47-414C-B8E8-3B4927F18131}.Dev Release|Any CPU.Build.0 = Release|Any CPU
		{6A9DA760-1E47-414C-B8E8-3B4927F18131}.Dev Release|x64.ActiveCfg = Release|Any CPU
		{6A9DA760-1E47-414C-B8E8-3B4927F18131}.Dev Release|x64.Build.0 = Release|Any CPU
		{6A9DA760-1E47-414C-B8E8-3B4927F18131}.Dev Release|x86.ActiveCfg = Release|Any CPU
		{6A9DA760-1E47-414C-B8E8-3B4927F18131}.Dev Release|x86.Build.0 = Release|Any CPU
		{6A9DA760-1E47-414C-B8E8-3B4927F18131}.MSIX Debug|Any CPU.ActiveCfg = Debug|Any CPU
		{6A9DA760-1E47-414C-B8E8-3B4927F18131}.MSIX Debug|Any CPU.Build.0 = Debug|Any CPU
		{6A9DA760-1E47-414C-B8E8-3B4927F18131}.MSIX Debug|x64.ActiveCfg = Debug|Any CPU
		{6A9DA760-1E47-414C-B8E8-3B4927F18131}.MSIX Debug|x64.Build.0 = Debug|Any CPU
		{6A9DA760-1E47-414C-B8E8-3B4927F18131}.MSIX Debug|x86.ActiveCfg = Debug|Any CPU
		{6A9DA760-1E47-414C-B8E8-3B4927F18131}.MSIX Debug|x86.Build.0 = Debug|Any CPU
		{6A9DA760-1E47-414C-B8E8-3B4927F18131}.MSIX|Any CPU.ActiveCfg = Debug|Any CPU
		{6A9DA760-1E47-414C-B8E8-3B4927F18131}.MSIX|Any CPU.Build.0 = Debug|Any CPU
		{6A9DA760-1E47-414C-B8E8-3B4927F18131}.MSIX|x64.ActiveCfg = Debug|Any CPU
		{6A9DA760-1E47-414C-B8E8-3B4927F18131}.MSIX|x64.Build.0 = Debug|Any CPU
		{6A9DA760-1E47-414C-B8E8-3B4927F18131}.MSIX|x86.ActiveCfg = Debug|Any CPU
		{6A9DA760-1E47-414C-B8E8-3B4927F18131}.MSIX|x86.Build.0 = Debug|Any CPU
		{6A9DA760-1E47-414C-B8E8-3B4927F18131}.Release|Any CPU.ActiveCfg = Release|Any CPU
		{6A9DA760-1E47-414C-B8E8-3B4927F18131}.Release|Any CPU.Build.0 = Release|Any CPU
		{6A9DA760-1E47-414C-B8E8-3B4927F18131}.Release|x64.ActiveCfg = Release|Any CPU
		{6A9DA760-1E47-414C-B8E8-3B4927F18131}.Release|x64.Build.0 = Release|Any CPU
		{6A9DA760-1E47-414C-B8E8-3B4927F18131}.Release|x86.ActiveCfg = Release|Any CPU
		{6A9DA760-1E47-414C-B8E8-3B4927F18131}.Release|x86.Build.0 = Release|Any CPU
		{6A9DA760-1E47-414C-B8E8-3B4927F18131}.Steam|Any CPU.ActiveCfg = Steam|Any CPU
		{6A9DA760-1E47-414C-B8E8-3B4927F18131}.Steam|Any CPU.Build.0 = Steam|Any CPU
		{6A9DA760-1E47-414C-B8E8-3B4927F18131}.Steam|x64.ActiveCfg = Steam|x64
		{6A9DA760-1E47-414C-B8E8-3B4927F18131}.Steam|x64.Build.0 = Steam|x64
		{6A9DA760-1E47-414C-B8E8-3B4927F18131}.Steam|x86.ActiveCfg = Steam|x86
		{6A9DA760-1E47-414C-B8E8-3B4927F18131}.Steam|x86.Build.0 = Steam|x86
		{E31A8266-5BCA-4877-B9E5-9C5BB42829D6}.Debug|Any CPU.ActiveCfg = Debug|Any CPU
		{E31A8266-5BCA-4877-B9E5-9C5BB42829D6}.Debug|Any CPU.Build.0 = Debug|Any CPU
		{E31A8266-5BCA-4877-B9E5-9C5BB42829D6}.Debug|x64.ActiveCfg = Debug|Any CPU
		{E31A8266-5BCA-4877-B9E5-9C5BB42829D6}.Debug|x64.Build.0 = Debug|Any CPU
		{E31A8266-5BCA-4877-B9E5-9C5BB42829D6}.Debug|x86.ActiveCfg = Debug|Any CPU
		{E31A8266-5BCA-4877-B9E5-9C5BB42829D6}.Debug|x86.Build.0 = Debug|Any CPU
		{E31A8266-5BCA-4877-B9E5-9C5BB42829D6}.Dev Release|Any CPU.ActiveCfg = Release|Any CPU
		{E31A8266-5BCA-4877-B9E5-9C5BB42829D6}.Dev Release|Any CPU.Build.0 = Release|Any CPU
		{E31A8266-5BCA-4877-B9E5-9C5BB42829D6}.Dev Release|x64.ActiveCfg = Release|Any CPU
		{E31A8266-5BCA-4877-B9E5-9C5BB42829D6}.Dev Release|x64.Build.0 = Release|Any CPU
		{E31A8266-5BCA-4877-B9E5-9C5BB42829D6}.Dev Release|x86.ActiveCfg = Release|Any CPU
		{E31A8266-5BCA-4877-B9E5-9C5BB42829D6}.Dev Release|x86.Build.0 = Release|Any CPU
		{E31A8266-5BCA-4877-B9E5-9C5BB42829D6}.MSIX Debug|Any CPU.ActiveCfg = Debug|Any CPU
		{E31A8266-5BCA-4877-B9E5-9C5BB42829D6}.MSIX Debug|Any CPU.Build.0 = Debug|Any CPU
		{E31A8266-5BCA-4877-B9E5-9C5BB42829D6}.MSIX Debug|x64.ActiveCfg = Debug|Any CPU
		{E31A8266-5BCA-4877-B9E5-9C5BB42829D6}.MSIX Debug|x64.Build.0 = Debug|Any CPU
		{E31A8266-5BCA-4877-B9E5-9C5BB42829D6}.MSIX Debug|x86.ActiveCfg = Debug|Any CPU
		{E31A8266-5BCA-4877-B9E5-9C5BB42829D6}.MSIX Debug|x86.Build.0 = Debug|Any CPU
		{E31A8266-5BCA-4877-B9E5-9C5BB42829D6}.MSIX|Any CPU.ActiveCfg = Debug|Any CPU
		{E31A8266-5BCA-4877-B9E5-9C5BB42829D6}.MSIX|Any CPU.Build.0 = Debug|Any CPU
		{E31A8266-5BCA-4877-B9E5-9C5BB42829D6}.MSIX|x64.ActiveCfg = Debug|Any CPU
		{E31A8266-5BCA-4877-B9E5-9C5BB42829D6}.MSIX|x64.Build.0 = Debug|Any CPU
		{E31A8266-5BCA-4877-B9E5-9C5BB42829D6}.MSIX|x86.ActiveCfg = Debug|Any CPU
		{E31A8266-5BCA-4877-B9E5-9C5BB42829D6}.MSIX|x86.Build.0 = Debug|Any CPU
		{E31A8266-5BCA-4877-B9E5-9C5BB42829D6}.Release|Any CPU.ActiveCfg = Release|Any CPU
		{E31A8266-5BCA-4877-B9E5-9C5BB42829D6}.Release|Any CPU.Build.0 = Release|Any CPU
		{E31A8266-5BCA-4877-B9E5-9C5BB42829D6}.Release|x64.ActiveCfg = Release|Any CPU
		{E31A8266-5BCA-4877-B9E5-9C5BB42829D6}.Release|x64.Build.0 = Release|Any CPU
		{E31A8266-5BCA-4877-B9E5-9C5BB42829D6}.Release|x86.ActiveCfg = Release|Any CPU
		{E31A8266-5BCA-4877-B9E5-9C5BB42829D6}.Release|x86.Build.0 = Release|Any CPU
		{E31A8266-5BCA-4877-B9E5-9C5BB42829D6}.Steam|Any CPU.ActiveCfg = Steam|Any CPU
		{E31A8266-5BCA-4877-B9E5-9C5BB42829D6}.Steam|Any CPU.Build.0 = Steam|Any CPU
		{E31A8266-5BCA-4877-B9E5-9C5BB42829D6}.Steam|x64.ActiveCfg = Steam|x64
		{E31A8266-5BCA-4877-B9E5-9C5BB42829D6}.Steam|x64.Build.0 = Steam|x64
		{E31A8266-5BCA-4877-B9E5-9C5BB42829D6}.Steam|x86.ActiveCfg = Steam|x86
		{E31A8266-5BCA-4877-B9E5-9C5BB42829D6}.Steam|x86.Build.0 = Steam|x86
		{510ED47C-2455-4DCE-A561-1074725E1236}.Debug|Any CPU.ActiveCfg = Debug|Any CPU
		{510ED47C-2455-4DCE-A561-1074725E1236}.Debug|Any CPU.Build.0 = Debug|Any CPU
		{510ED47C-2455-4DCE-A561-1074725E1236}.Debug|x64.ActiveCfg = Debug|Any CPU
		{510ED47C-2455-4DCE-A561-1074725E1236}.Debug|x64.Build.0 = Debug|Any CPU
		{510ED47C-2455-4DCE-A561-1074725E1236}.Debug|x86.ActiveCfg = Debug|Any CPU
		{510ED47C-2455-4DCE-A561-1074725E1236}.Debug|x86.Build.0 = Debug|Any CPU
		{510ED47C-2455-4DCE-A561-1074725E1236}.Dev Release|Any CPU.ActiveCfg = Release|Any CPU
		{510ED47C-2455-4DCE-A561-1074725E1236}.Dev Release|Any CPU.Build.0 = Release|Any CPU
		{510ED47C-2455-4DCE-A561-1074725E1236}.Dev Release|x64.ActiveCfg = Release|Any CPU
		{510ED47C-2455-4DCE-A561-1074725E1236}.Dev Release|x64.Build.0 = Release|Any CPU
		{510ED47C-2455-4DCE-A561-1074725E1236}.Dev Release|x86.ActiveCfg = Release|Any CPU
		{510ED47C-2455-4DCE-A561-1074725E1236}.Dev Release|x86.Build.0 = Release|Any CPU
		{510ED47C-2455-4DCE-A561-1074725E1236}.MSIX Debug|Any CPU.ActiveCfg = Debug|Any CPU
		{510ED47C-2455-4DCE-A561-1074725E1236}.MSIX Debug|Any CPU.Build.0 = Debug|Any CPU
		{510ED47C-2455-4DCE-A561-1074725E1236}.MSIX Debug|x64.ActiveCfg = Debug|Any CPU
		{510ED47C-2455-4DCE-A561-1074725E1236}.MSIX Debug|x64.Build.0 = Debug|Any CPU
		{510ED47C-2455-4DCE-A561-1074725E1236}.MSIX Debug|x86.ActiveCfg = Debug|Any CPU
		{510ED47C-2455-4DCE-A561-1074725E1236}.MSIX Debug|x86.Build.0 = Debug|Any CPU
		{510ED47C-2455-4DCE-A561-1074725E1236}.MSIX|Any CPU.ActiveCfg = Debug|Any CPU
		{510ED47C-2455-4DCE-A561-1074725E1236}.MSIX|Any CPU.Build.0 = Debug|Any CPU
		{510ED47C-2455-4DCE-A561-1074725E1236}.MSIX|x64.ActiveCfg = Debug|Any CPU
		{510ED47C-2455-4DCE-A561-1074725E1236}.MSIX|x64.Build.0 = Debug|Any CPU
		{510ED47C-2455-4DCE-A561-1074725E1236}.MSIX|x86.ActiveCfg = Debug|Any CPU
		{510ED47C-2455-4DCE-A561-1074725E1236}.MSIX|x86.Build.0 = Debug|Any CPU
		{510ED47C-2455-4DCE-A561-1074725E1236}.Release|Any CPU.ActiveCfg = Release|Any CPU
		{510ED47C-2455-4DCE-A561-1074725E1236}.Release|Any CPU.Build.0 = Release|Any CPU
		{510ED47C-2455-4DCE-A561-1074725E1236}.Release|x64.ActiveCfg = Release|Any CPU
		{510ED47C-2455-4DCE-A561-1074725E1236}.Release|x64.Build.0 = Release|Any CPU
		{510ED47C-2455-4DCE-A561-1074725E1236}.Release|x86.ActiveCfg = Release|Any CPU
		{510ED47C-2455-4DCE-A561-1074725E1236}.Release|x86.Build.0 = Release|Any CPU
		{510ED47C-2455-4DCE-A561-1074725E1236}.Steam|Any CPU.ActiveCfg = Steam|Any CPU
		{510ED47C-2455-4DCE-A561-1074725E1236}.Steam|Any CPU.Build.0 = Steam|Any CPU
		{510ED47C-2455-4DCE-A561-1074725E1236}.Steam|x64.ActiveCfg = Steam|x64
		{510ED47C-2455-4DCE-A561-1074725E1236}.Steam|x64.Build.0 = Steam|x64
		{510ED47C-2455-4DCE-A561-1074725E1236}.Steam|x86.ActiveCfg = Steam|x86
		{510ED47C-2455-4DCE-A561-1074725E1236}.Steam|x86.Build.0 = Steam|x86
		{294FD171-9536-474C-A679-83F0266275FB}.Debug|Any CPU.ActiveCfg = Debug|Any CPU
		{294FD171-9536-474C-A679-83F0266275FB}.Debug|Any CPU.Build.0 = Debug|Any CPU
		{294FD171-9536-474C-A679-83F0266275FB}.Debug|x64.ActiveCfg = Debug|Any CPU
		{294FD171-9536-474C-A679-83F0266275FB}.Debug|x64.Build.0 = Debug|Any CPU
		{294FD171-9536-474C-A679-83F0266275FB}.Debug|x86.ActiveCfg = Debug|Any CPU
		{294FD171-9536-474C-A679-83F0266275FB}.Debug|x86.Build.0 = Debug|Any CPU
		{294FD171-9536-474C-A679-83F0266275FB}.Dev Release|Any CPU.ActiveCfg = Release|Any CPU
		{294FD171-9536-474C-A679-83F0266275FB}.Dev Release|Any CPU.Build.0 = Release|Any CPU
		{294FD171-9536-474C-A679-83F0266275FB}.Dev Release|x64.ActiveCfg = Release|Any CPU
		{294FD171-9536-474C-A679-83F0266275FB}.Dev Release|x64.Build.0 = Release|Any CPU
		{294FD171-9536-474C-A679-83F0266275FB}.Dev Release|x86.ActiveCfg = Release|Any CPU
		{294FD171-9536-474C-A679-83F0266275FB}.Dev Release|x86.Build.0 = Release|Any CPU
		{294FD171-9536-474C-A679-83F0266275FB}.MSIX Debug|Any CPU.ActiveCfg = Debug|Any CPU
		{294FD171-9536-474C-A679-83F0266275FB}.MSIX Debug|Any CPU.Build.0 = Debug|Any CPU
		{294FD171-9536-474C-A679-83F0266275FB}.MSIX Debug|x64.ActiveCfg = Debug|Any CPU
		{294FD171-9536-474C-A679-83F0266275FB}.MSIX Debug|x64.Build.0 = Debug|Any CPU
		{294FD171-9536-474C-A679-83F0266275FB}.MSIX Debug|x86.ActiveCfg = Debug|Any CPU
		{294FD171-9536-474C-A679-83F0266275FB}.MSIX Debug|x86.Build.0 = Debug|Any CPU
		{294FD171-9536-474C-A679-83F0266275FB}.MSIX|Any CPU.ActiveCfg = Debug|Any CPU
		{294FD171-9536-474C-A679-83F0266275FB}.MSIX|Any CPU.Build.0 = Debug|Any CPU
		{294FD171-9536-474C-A679-83F0266275FB}.MSIX|x64.ActiveCfg = Debug|Any CPU
		{294FD171-9536-474C-A679-83F0266275FB}.MSIX|x64.Build.0 = Debug|Any CPU
		{294FD171-9536-474C-A679-83F0266275FB}.MSIX|x86.ActiveCfg = Debug|Any CPU
		{294FD171-9536-474C-A679-83F0266275FB}.MSIX|x86.Build.0 = Debug|Any CPU
		{294FD171-9536-474C-A679-83F0266275FB}.Release|Any CPU.ActiveCfg = Release|Any CPU
		{294FD171-9536-474C-A679-83F0266275FB}.Release|Any CPU.Build.0 = Release|Any CPU
		{294FD171-9536-474C-A679-83F0266275FB}.Release|x64.ActiveCfg = Release|Any CPU
		{294FD171-9536-474C-A679-83F0266275FB}.Release|x64.Build.0 = Release|Any CPU
		{294FD171-9536-474C-A679-83F0266275FB}.Release|x86.ActiveCfg = Release|Any CPU
		{294FD171-9536-474C-A679-83F0266275FB}.Release|x86.Build.0 = Release|Any CPU
		{294FD171-9536-474C-A679-83F0266275FB}.Steam|Any CPU.ActiveCfg = Steam|Any CPU
		{294FD171-9536-474C-A679-83F0266275FB}.Steam|Any CPU.Build.0 = Steam|Any CPU
		{294FD171-9536-474C-A679-83F0266275FB}.Steam|x64.ActiveCfg = Steam|x64
		{294FD171-9536-474C-A679-83F0266275FB}.Steam|x64.Build.0 = Steam|x64
		{294FD171-9536-474C-A679-83F0266275FB}.Steam|x86.ActiveCfg = Steam|x86
		{294FD171-9536-474C-A679-83F0266275FB}.Steam|x86.Build.0 = Steam|x86
		{758DF7DF-A8B1-4409-B79A-018E542B7251}.Debug|Any CPU.ActiveCfg = Debug|Any CPU
		{758DF7DF-A8B1-4409-B79A-018E542B7251}.Debug|Any CPU.Build.0 = Debug|Any CPU
		{758DF7DF-A8B1-4409-B79A-018E542B7251}.Debug|x64.ActiveCfg = Debug|Any CPU
		{758DF7DF-A8B1-4409-B79A-018E542B7251}.Debug|x64.Build.0 = Debug|Any CPU
		{758DF7DF-A8B1-4409-B79A-018E542B7251}.Debug|x86.ActiveCfg = Debug|Any CPU
		{758DF7DF-A8B1-4409-B79A-018E542B7251}.Debug|x86.Build.0 = Debug|Any CPU
		{758DF7DF-A8B1-4409-B79A-018E542B7251}.Dev Release|Any CPU.ActiveCfg = Release|Any CPU
		{758DF7DF-A8B1-4409-B79A-018E542B7251}.Dev Release|Any CPU.Build.0 = Release|Any CPU
		{758DF7DF-A8B1-4409-B79A-018E542B7251}.Dev Release|x64.ActiveCfg = Release|Any CPU
		{758DF7DF-A8B1-4409-B79A-018E542B7251}.Dev Release|x64.Build.0 = Release|Any CPU
		{758DF7DF-A8B1-4409-B79A-018E542B7251}.Dev Release|x86.ActiveCfg = Release|Any CPU
		{758DF7DF-A8B1-4409-B79A-018E542B7251}.Dev Release|x86.Build.0 = Release|Any CPU
		{758DF7DF-A8B1-4409-B79A-018E542B7251}.MSIX Debug|Any CPU.ActiveCfg = Debug|Any CPU
		{758DF7DF-A8B1-4409-B79A-018E542B7251}.MSIX Debug|Any CPU.Build.0 = Debug|Any CPU
		{758DF7DF-A8B1-4409-B79A-018E542B7251}.MSIX Debug|x64.ActiveCfg = Debug|Any CPU
		{758DF7DF-A8B1-4409-B79A-018E542B7251}.MSIX Debug|x64.Build.0 = Debug|Any CPU
		{758DF7DF-A8B1-4409-B79A-018E542B7251}.MSIX Debug|x86.ActiveCfg = Debug|Any CPU
		{758DF7DF-A8B1-4409-B79A-018E542B7251}.MSIX Debug|x86.Build.0 = Debug|Any CPU
		{758DF7DF-A8B1-4409-B79A-018E542B7251}.MSIX|Any CPU.ActiveCfg = Debug|Any CPU
		{758DF7DF-A8B1-4409-B79A-018E542B7251}.MSIX|Any CPU.Build.0 = Debug|Any CPU
		{758DF7DF-A8B1-4409-B79A-018E542B7251}.MSIX|x64.ActiveCfg = Debug|Any CPU
		{758DF7DF-A8B1-4409-B79A-018E542B7251}.MSIX|x64.Build.0 = Debug|Any CPU
		{758DF7DF-A8B1-4409-B79A-018E542B7251}.MSIX|x86.ActiveCfg = Debug|Any CPU
		{758DF7DF-A8B1-4409-B79A-018E542B7251}.MSIX|x86.Build.0 = Debug|Any CPU
		{758DF7DF-A8B1-4409-B79A-018E542B7251}.Release|Any CPU.ActiveCfg = Release|Any CPU
		{758DF7DF-A8B1-4409-B79A-018E542B7251}.Release|Any CPU.Build.0 = Release|Any CPU
		{758DF7DF-A8B1-4409-B79A-018E542B7251}.Release|x64.ActiveCfg = Release|Any CPU
		{758DF7DF-A8B1-4409-B79A-018E542B7251}.Release|x64.Build.0 = Release|Any CPU
		{758DF7DF-A8B1-4409-B79A-018E542B7251}.Release|x86.ActiveCfg = Release|Any CPU
		{758DF7DF-A8B1-4409-B79A-018E542B7251}.Release|x86.Build.0 = Release|Any CPU
		{758DF7DF-A8B1-4409-B79A-018E542B7251}.Steam|Any CPU.ActiveCfg = Steam|Any CPU
		{758DF7DF-A8B1-4409-B79A-018E542B7251}.Steam|Any CPU.Build.0 = Steam|Any CPU
		{758DF7DF-A8B1-4409-B79A-018E542B7251}.Steam|x64.ActiveCfg = Steam|x64
		{758DF7DF-A8B1-4409-B79A-018E542B7251}.Steam|x64.Build.0 = Steam|x64
		{758DF7DF-A8B1-4409-B79A-018E542B7251}.Steam|x86.ActiveCfg = Steam|x86
		{758DF7DF-A8B1-4409-B79A-018E542B7251}.Steam|x86.Build.0 = Steam|x86
		{69DD5830-C682-49FB-B1A5-D2A506EEA06B}.Debug|Any CPU.ActiveCfg = Debug|Any CPU
		{69DD5830-C682-49FB-B1A5-D2A506EEA06B}.Debug|Any CPU.Build.0 = Debug|Any CPU
		{69DD5830-C682-49FB-B1A5-D2A506EEA06B}.Debug|x64.ActiveCfg = Debug|Any CPU
		{69DD5830-C682-49FB-B1A5-D2A506EEA06B}.Debug|x64.Build.0 = Debug|Any CPU
		{69DD5830-C682-49FB-B1A5-D2A506EEA06B}.Debug|x86.ActiveCfg = Debug|Any CPU
		{69DD5830-C682-49FB-B1A5-D2A506EEA06B}.Debug|x86.Build.0 = Debug|Any CPU
		{69DD5830-C682-49FB-B1A5-D2A506EEA06B}.Dev Release|Any CPU.ActiveCfg = Release|Any CPU
		{69DD5830-C682-49FB-B1A5-D2A506EEA06B}.Dev Release|Any CPU.Build.0 = Release|Any CPU
		{69DD5830-C682-49FB-B1A5-D2A506EEA06B}.Dev Release|x64.ActiveCfg = Release|Any CPU
		{69DD5830-C682-49FB-B1A5-D2A506EEA06B}.Dev Release|x64.Build.0 = Release|Any CPU
		{69DD5830-C682-49FB-B1A5-D2A506EEA06B}.Dev Release|x86.ActiveCfg = Release|Any CPU
		{69DD5830-C682-49FB-B1A5-D2A506EEA06B}.Dev Release|x86.Build.0 = Release|Any CPU
		{69DD5830-C682-49FB-B1A5-D2A506EEA06B}.MSIX Debug|Any CPU.ActiveCfg = Debug|Any CPU
		{69DD5830-C682-49FB-B1A5-D2A506EEA06B}.MSIX Debug|Any CPU.Build.0 = Debug|Any CPU
		{69DD5830-C682-49FB-B1A5-D2A506EEA06B}.MSIX Debug|x64.ActiveCfg = Debug|Any CPU
		{69DD5830-C682-49FB-B1A5-D2A506EEA06B}.MSIX Debug|x64.Build.0 = Debug|Any CPU
		{69DD5830-C682-49FB-B1A5-D2A506EEA06B}.MSIX Debug|x86.ActiveCfg = Debug|Any CPU
		{69DD5830-C682-49FB-B1A5-D2A506EEA06B}.MSIX Debug|x86.Build.0 = Debug|Any CPU
		{69DD5830-C682-49FB-B1A5-D2A506EEA06B}.MSIX|Any CPU.ActiveCfg = Debug|Any CPU
		{69DD5830-C682-49FB-B1A5-D2A506EEA06B}.MSIX|Any CPU.Build.0 = Debug|Any CPU
		{69DD5830-C682-49FB-B1A5-D2A506EEA06B}.MSIX|x64.ActiveCfg = Debug|Any CPU
		{69DD5830-C682-49FB-B1A5-D2A506EEA06B}.MSIX|x64.Build.0 = Debug|Any CPU
		{69DD5830-C682-49FB-B1A5-D2A506EEA06B}.MSIX|x86.ActiveCfg = Debug|Any CPU
		{69DD5830-C682-49FB-B1A5-D2A506EEA06B}.MSIX|x86.Build.0 = Debug|Any CPU
		{69DD5830-C682-49FB-B1A5-D2A506EEA06B}.Release|Any CPU.ActiveCfg = Release|Any CPU
		{69DD5830-C682-49FB-B1A5-D2A506EEA06B}.Release|Any CPU.Build.0 = Release|Any CPU
		{69DD5830-C682-49FB-B1A5-D2A506EEA06B}.Release|x64.ActiveCfg = Release|Any CPU
		{69DD5830-C682-49FB-B1A5-D2A506EEA06B}.Release|x64.Build.0 = Release|Any CPU
		{69DD5830-C682-49FB-B1A5-D2A506EEA06B}.Release|x86.ActiveCfg = Release|Any CPU
		{69DD5830-C682-49FB-B1A5-D2A506EEA06B}.Release|x86.Build.0 = Release|Any CPU
		{69DD5830-C682-49FB-B1A5-D2A506EEA06B}.Steam|Any CPU.ActiveCfg = Steam|Any CPU
		{69DD5830-C682-49FB-B1A5-D2A506EEA06B}.Steam|Any CPU.Build.0 = Steam|Any CPU
		{69DD5830-C682-49FB-B1A5-D2A506EEA06B}.Steam|x64.ActiveCfg = Steam|x64
		{69DD5830-C682-49FB-B1A5-D2A506EEA06B}.Steam|x64.Build.0 = Steam|x64
		{69DD5830-C682-49FB-B1A5-D2A506EEA06B}.Steam|x86.ActiveCfg = Steam|x86
		{69DD5830-C682-49FB-B1A5-D2A506EEA06B}.Steam|x86.Build.0 = Steam|x86
		{5FC5E9C5-F439-43AA-92AF-9B7554D6FA13}.Debug|Any CPU.ActiveCfg = Debug|Any CPU
		{5FC5E9C5-F439-43AA-92AF-9B7554D6FA13}.Debug|Any CPU.Build.0 = Debug|Any CPU
		{5FC5E9C5-F439-43AA-92AF-9B7554D6FA13}.Debug|x64.ActiveCfg = Debug|Any CPU
		{5FC5E9C5-F439-43AA-92AF-9B7554D6FA13}.Debug|x64.Build.0 = Debug|Any CPU
		{5FC5E9C5-F439-43AA-92AF-9B7554D6FA13}.Debug|x86.ActiveCfg = Debug|Any CPU
		{5FC5E9C5-F439-43AA-92AF-9B7554D6FA13}.Debug|x86.Build.0 = Debug|Any CPU
		{5FC5E9C5-F439-43AA-92AF-9B7554D6FA13}.Dev Release|Any CPU.ActiveCfg = Debug|Any CPU
		{5FC5E9C5-F439-43AA-92AF-9B7554D6FA13}.Dev Release|Any CPU.Build.0 = Debug|Any CPU
		{5FC5E9C5-F439-43AA-92AF-9B7554D6FA13}.Dev Release|x64.ActiveCfg = Debug|Any CPU
		{5FC5E9C5-F439-43AA-92AF-9B7554D6FA13}.Dev Release|x64.Build.0 = Debug|Any CPU
		{5FC5E9C5-F439-43AA-92AF-9B7554D6FA13}.Dev Release|x86.ActiveCfg = Debug|Any CPU
		{5FC5E9C5-F439-43AA-92AF-9B7554D6FA13}.Dev Release|x86.Build.0 = Debug|Any CPU
		{5FC5E9C5-F439-43AA-92AF-9B7554D6FA13}.MSIX Debug|Any CPU.ActiveCfg = Debug|Any CPU
		{5FC5E9C5-F439-43AA-92AF-9B7554D6FA13}.MSIX Debug|Any CPU.Build.0 = Debug|Any CPU
		{5FC5E9C5-F439-43AA-92AF-9B7554D6FA13}.MSIX Debug|x64.ActiveCfg = Debug|Any CPU
		{5FC5E9C5-F439-43AA-92AF-9B7554D6FA13}.MSIX Debug|x64.Build.0 = Debug|Any CPU
		{5FC5E9C5-F439-43AA-92AF-9B7554D6FA13}.MSIX Debug|x86.ActiveCfg = Debug|Any CPU
		{5FC5E9C5-F439-43AA-92AF-9B7554D6FA13}.MSIX Debug|x86.Build.0 = Debug|Any CPU
		{5FC5E9C5-F439-43AA-92AF-9B7554D6FA13}.MSIX|Any CPU.ActiveCfg = Debug|Any CPU
		{5FC5E9C5-F439-43AA-92AF-9B7554D6FA13}.MSIX|Any CPU.Build.0 = Debug|Any CPU
		{5FC5E9C5-F439-43AA-92AF-9B7554D6FA13}.MSIX|x64.ActiveCfg = Debug|Any CPU
		{5FC5E9C5-F439-43AA-92AF-9B7554D6FA13}.MSIX|x64.Build.0 = Debug|Any CPU
		{5FC5E9C5-F439-43AA-92AF-9B7554D6FA13}.MSIX|x86.ActiveCfg = Debug|Any CPU
		{5FC5E9C5-F439-43AA-92AF-9B7554D6FA13}.MSIX|x86.Build.0 = Debug|Any CPU
		{5FC5E9C5-F439-43AA-92AF-9B7554D6FA13}.Release|Any CPU.ActiveCfg = Release|Any CPU
		{5FC5E9C5-F439-43AA-92AF-9B7554D6FA13}.Release|Any CPU.Build.0 = Release|Any CPU
		{5FC5E9C5-F439-43AA-92AF-9B7554D6FA13}.Release|x64.ActiveCfg = Release|Any CPU
		{5FC5E9C5-F439-43AA-92AF-9B7554D6FA13}.Release|x64.Build.0 = Release|Any CPU
		{5FC5E9C5-F439-43AA-92AF-9B7554D6FA13}.Release|x86.ActiveCfg = Release|Any CPU
		{5FC5E9C5-F439-43AA-92AF-9B7554D6FA13}.Release|x86.Build.0 = Release|Any CPU
		{5FC5E9C5-F439-43AA-92AF-9B7554D6FA13}.Steam|Any CPU.ActiveCfg = Steam|Any CPU
		{5FC5E9C5-F439-43AA-92AF-9B7554D6FA13}.Steam|Any CPU.Build.0 = Steam|Any CPU
		{5FC5E9C5-F439-43AA-92AF-9B7554D6FA13}.Steam|x64.ActiveCfg = Steam|x64
		{5FC5E9C5-F439-43AA-92AF-9B7554D6FA13}.Steam|x64.Build.0 = Steam|x64
		{5FC5E9C5-F439-43AA-92AF-9B7554D6FA13}.Steam|x86.ActiveCfg = Steam|x86
		{5FC5E9C5-F439-43AA-92AF-9B7554D6FA13}.Steam|x86.Build.0 = Steam|x86
		{98040E8A-F08E-45F8-956F-6480C8272049}.Debug|Any CPU.ActiveCfg = Debug|Any CPU
		{98040E8A-F08E-45F8-956F-6480C8272049}.Debug|Any CPU.Build.0 = Debug|Any CPU
		{98040E8A-F08E-45F8-956F-6480C8272049}.Debug|x64.ActiveCfg = Debug|Any CPU
		{98040E8A-F08E-45F8-956F-6480C8272049}.Debug|x64.Build.0 = Debug|Any CPU
		{98040E8A-F08E-45F8-956F-6480C8272049}.Debug|x86.ActiveCfg = Debug|Any CPU
		{98040E8A-F08E-45F8-956F-6480C8272049}.Debug|x86.Build.0 = Debug|Any CPU
		{98040E8A-F08E-45F8-956F-6480C8272049}.Dev Release|Any CPU.ActiveCfg = Debug|Any CPU
		{98040E8A-F08E-45F8-956F-6480C8272049}.Dev Release|Any CPU.Build.0 = Debug|Any CPU
		{98040E8A-F08E-45F8-956F-6480C8272049}.Dev Release|x64.ActiveCfg = Debug|Any CPU
		{98040E8A-F08E-45F8-956F-6480C8272049}.Dev Release|x64.Build.0 = Debug|Any CPU
		{98040E8A-F08E-45F8-956F-6480C8272049}.Dev Release|x86.ActiveCfg = Debug|Any CPU
		{98040E8A-F08E-45F8-956F-6480C8272049}.Dev Release|x86.Build.0 = Debug|Any CPU
		{98040E8A-F08E-45F8-956F-6480C8272049}.MSIX Debug|Any CPU.ActiveCfg = Debug|Any CPU
		{98040E8A-F08E-45F8-956F-6480C8272049}.MSIX Debug|Any CPU.Build.0 = Debug|Any CPU
		{98040E8A-F08E-45F8-956F-6480C8272049}.MSIX Debug|x64.ActiveCfg = Debug|Any CPU
		{98040E8A-F08E-45F8-956F-6480C8272049}.MSIX Debug|x64.Build.0 = Debug|Any CPU
		{98040E8A-F08E-45F8-956F-6480C8272049}.MSIX Debug|x86.ActiveCfg = Debug|Any CPU
		{98040E8A-F08E-45F8-956F-6480C8272049}.MSIX Debug|x86.Build.0 = Debug|Any CPU
		{98040E8A-F08E-45F8-956F-6480C8272049}.MSIX|Any CPU.ActiveCfg = Debug|Any CPU
		{98040E8A-F08E-45F8-956F-6480C8272049}.MSIX|Any CPU.Build.0 = Debug|Any CPU
		{98040E8A-F08E-45F8-956F-6480C8272049}.MSIX|x64.ActiveCfg = Debug|Any CPU
		{98040E8A-F08E-45F8-956F-6480C8272049}.MSIX|x64.Build.0 = Debug|Any CPU
		{98040E8A-F08E-45F8-956F-6480C8272049}.MSIX|x86.ActiveCfg = Debug|Any CPU
		{98040E8A-F08E-45F8-956F-6480C8272049}.MSIX|x86.Build.0 = Debug|Any CPU
		{98040E8A-F08E-45F8-956F-6480C8272049}.Release|Any CPU.ActiveCfg = Release|Any CPU
		{98040E8A-F08E-45F8-956F-6480C8272049}.Release|Any CPU.Build.0 = Release|Any CPU
		{98040E8A-F08E-45F8-956F-6480C8272049}.Release|x64.ActiveCfg = Release|Any CPU
		{98040E8A-F08E-45F8-956F-6480C8272049}.Release|x64.Build.0 = Release|Any CPU
		{98040E8A-F08E-45F8-956F-6480C8272049}.Release|x86.ActiveCfg = Release|Any CPU
		{98040E8A-F08E-45F8-956F-6480C8272049}.Release|x86.Build.0 = Release|Any CPU
		{98040E8A-F08E-45F8-956F-6480C8272049}.Steam|Any CPU.ActiveCfg = Steam|Any CPU
		{98040E8A-F08E-45F8-956F-6480C8272049}.Steam|Any CPU.Build.0 = Steam|Any CPU
		{98040E8A-F08E-45F8-956F-6480C8272049}.Steam|x64.ActiveCfg = Steam|x64
		{98040E8A-F08E-45F8-956F-6480C8272049}.Steam|x64.Build.0 = Steam|x64
		{98040E8A-F08E-45F8-956F-6480C8272049}.Steam|x86.ActiveCfg = Steam|x86
		{98040E8A-F08E-45F8-956F-6480C8272049}.Steam|x86.Build.0 = Steam|x86
		{1DC5B4C4-6902-4659-AE7E-17FDA0403DEB}.Debug|Any CPU.ActiveCfg = Debug|Any CPU
		{1DC5B4C4-6902-4659-AE7E-17FDA0403DEB}.Debug|Any CPU.Build.0 = Debug|Any CPU
		{1DC5B4C4-6902-4659-AE7E-17FDA0403DEB}.Debug|x64.ActiveCfg = Debug|Any CPU
		{1DC5B4C4-6902-4659-AE7E-17FDA0403DEB}.Debug|x64.Build.0 = Debug|Any CPU
		{1DC5B4C4-6902-4659-AE7E-17FDA0403DEB}.Debug|x86.ActiveCfg = Debug|Any CPU
		{1DC5B4C4-6902-4659-AE7E-17FDA0403DEB}.Debug|x86.Build.0 = Debug|Any CPU
		{1DC5B4C4-6902-4659-AE7E-17FDA0403DEB}.Dev Release|Any CPU.ActiveCfg = Debug|Any CPU
		{1DC5B4C4-6902-4659-AE7E-17FDA0403DEB}.Dev Release|Any CPU.Build.0 = Debug|Any CPU
		{1DC5B4C4-6902-4659-AE7E-17FDA0403DEB}.Dev Release|x64.ActiveCfg = Debug|Any CPU
		{1DC5B4C4-6902-4659-AE7E-17FDA0403DEB}.Dev Release|x64.Build.0 = Debug|Any CPU
		{1DC5B4C4-6902-4659-AE7E-17FDA0403DEB}.Dev Release|x86.ActiveCfg = Debug|Any CPU
		{1DC5B4C4-6902-4659-AE7E-17FDA0403DEB}.Dev Release|x86.Build.0 = Debug|Any CPU
		{1DC5B4C4-6902-4659-AE7E-17FDA0403DEB}.MSIX Debug|Any CPU.ActiveCfg = Debug|Any CPU
		{1DC5B4C4-6902-4659-AE7E-17FDA0403DEB}.MSIX Debug|Any CPU.Build.0 = Debug|Any CPU
		{1DC5B4C4-6902-4659-AE7E-17FDA0403DEB}.MSIX Debug|x64.ActiveCfg = Debug|Any CPU
		{1DC5B4C4-6902-4659-AE7E-17FDA0403DEB}.MSIX Debug|x64.Build.0 = Debug|Any CPU
		{1DC5B4C4-6902-4659-AE7E-17FDA0403DEB}.MSIX Debug|x86.ActiveCfg = Debug|Any CPU
		{1DC5B4C4-6902-4659-AE7E-17FDA0403DEB}.MSIX Debug|x86.Build.0 = Debug|Any CPU
		{1DC5B4C4-6902-4659-AE7E-17FDA0403DEB}.MSIX|Any CPU.ActiveCfg = Debug|Any CPU
		{1DC5B4C4-6902-4659-AE7E-17FDA0403DEB}.MSIX|Any CPU.Build.0 = Debug|Any CPU
		{1DC5B4C4-6902-4659-AE7E-17FDA0403DEB}.MSIX|x64.ActiveCfg = Debug|Any CPU
		{1DC5B4C4-6902-4659-AE7E-17FDA0403DEB}.MSIX|x64.Build.0 = Debug|Any CPU
		{1DC5B4C4-6902-4659-AE7E-17FDA0403DEB}.MSIX|x86.ActiveCfg = Debug|Any CPU
		{1DC5B4C4-6902-4659-AE7E-17FDA0403DEB}.MSIX|x86.Build.0 = Debug|Any CPU
		{1DC5B4C4-6902-4659-AE7E-17FDA0403DEB}.Release|Any CPU.ActiveCfg = Release|Any CPU
		{1DC5B4C4-6902-4659-AE7E-17FDA0403DEB}.Release|Any CPU.Build.0 = Release|Any CPU
		{1DC5B4C4-6902-4659-AE7E-17FDA0403DEB}.Release|x64.ActiveCfg = Release|Any CPU
		{1DC5B4C4-6902-4659-AE7E-17FDA0403DEB}.Release|x64.Build.0 = Release|Any CPU
		{1DC5B4C4-6902-4659-AE7E-17FDA0403DEB}.Release|x86.ActiveCfg = Release|Any CPU
		{1DC5B4C4-6902-4659-AE7E-17FDA0403DEB}.Release|x86.Build.0 = Release|Any CPU
		{1DC5B4C4-6902-4659-AE7E-17FDA0403DEB}.Steam|Any CPU.ActiveCfg = Steam|Any CPU
		{1DC5B4C4-6902-4659-AE7E-17FDA0403DEB}.Steam|Any CPU.Build.0 = Steam|Any CPU
		{1DC5B4C4-6902-4659-AE7E-17FDA0403DEB}.Steam|x64.ActiveCfg = Steam|x64
		{1DC5B4C4-6902-4659-AE7E-17FDA0403DEB}.Steam|x64.Build.0 = Steam|x64
		{1DC5B4C4-6902-4659-AE7E-17FDA0403DEB}.Steam|x86.ActiveCfg = Steam|x86
		{1DC5B4C4-6902-4659-AE7E-17FDA0403DEB}.Steam|x86.Build.0 = Steam|x86
		{7AEE19FA-A4F8-4ACA-9E39-401AA1F603C2}.Debug|Any CPU.ActiveCfg = Debug|Any CPU
		{7AEE19FA-A4F8-4ACA-9E39-401AA1F603C2}.Debug|Any CPU.Build.0 = Debug|Any CPU
		{7AEE19FA-A4F8-4ACA-9E39-401AA1F603C2}.Debug|x64.ActiveCfg = Debug|Any CPU
		{7AEE19FA-A4F8-4ACA-9E39-401AA1F603C2}.Debug|x64.Build.0 = Debug|Any CPU
		{7AEE19FA-A4F8-4ACA-9E39-401AA1F603C2}.Debug|x86.ActiveCfg = Debug|Any CPU
		{7AEE19FA-A4F8-4ACA-9E39-401AA1F603C2}.Debug|x86.Build.0 = Debug|Any CPU
		{7AEE19FA-A4F8-4ACA-9E39-401AA1F603C2}.Dev Release|Any CPU.ActiveCfg = Debug|Any CPU
		{7AEE19FA-A4F8-4ACA-9E39-401AA1F603C2}.Dev Release|Any CPU.Build.0 = Debug|Any CPU
		{7AEE19FA-A4F8-4ACA-9E39-401AA1F603C2}.Dev Release|x64.ActiveCfg = Debug|Any CPU
		{7AEE19FA-A4F8-4ACA-9E39-401AA1F603C2}.Dev Release|x64.Build.0 = Debug|Any CPU
		{7AEE19FA-A4F8-4ACA-9E39-401AA1F603C2}.Dev Release|x86.ActiveCfg = Debug|Any CPU
		{7AEE19FA-A4F8-4ACA-9E39-401AA1F603C2}.Dev Release|x86.Build.0 = Debug|Any CPU
		{7AEE19FA-A4F8-4ACA-9E39-401AA1F603C2}.MSIX Debug|Any CPU.ActiveCfg = Debug|Any CPU
		{7AEE19FA-A4F8-4ACA-9E39-401AA1F603C2}.MSIX Debug|Any CPU.Build.0 = Debug|Any CPU
		{7AEE19FA-A4F8-4ACA-9E39-401AA1F603C2}.MSIX Debug|x64.ActiveCfg = Debug|Any CPU
		{7AEE19FA-A4F8-4ACA-9E39-401AA1F603C2}.MSIX Debug|x64.Build.0 = Debug|Any CPU
		{7AEE19FA-A4F8-4ACA-9E39-401AA1F603C2}.MSIX Debug|x86.ActiveCfg = Debug|Any CPU
		{7AEE19FA-A4F8-4ACA-9E39-401AA1F603C2}.MSIX Debug|x86.Build.0 = Debug|Any CPU
		{7AEE19FA-A4F8-4ACA-9E39-401AA1F603C2}.MSIX|Any CPU.ActiveCfg = Debug|Any CPU
		{7AEE19FA-A4F8-4ACA-9E39-401AA1F603C2}.MSIX|Any CPU.Build.0 = Debug|Any CPU
		{7AEE19FA-A4F8-4ACA-9E39-401AA1F603C2}.MSIX|x64.ActiveCfg = Debug|Any CPU
		{7AEE19FA-A4F8-4ACA-9E39-401AA1F603C2}.MSIX|x64.Build.0 = Debug|Any CPU
		{7AEE19FA-A4F8-4ACA-9E39-401AA1F603C2}.MSIX|x86.ActiveCfg = Debug|Any CPU
		{7AEE19FA-A4F8-4ACA-9E39-401AA1F603C2}.MSIX|x86.Build.0 = Debug|Any CPU
		{7AEE19FA-A4F8-4ACA-9E39-401AA1F603C2}.Release|Any CPU.ActiveCfg = Release|Any CPU
		{7AEE19FA-A4F8-4ACA-9E39-401AA1F603C2}.Release|Any CPU.Build.0 = Release|Any CPU
		{7AEE19FA-A4F8-4ACA-9E39-401AA1F603C2}.Release|x64.ActiveCfg = Release|Any CPU
		{7AEE19FA-A4F8-4ACA-9E39-401AA1F603C2}.Release|x64.Build.0 = Release|Any CPU
		{7AEE19FA-A4F8-4ACA-9E39-401AA1F603C2}.Release|x86.ActiveCfg = Release|Any CPU
		{7AEE19FA-A4F8-4ACA-9E39-401AA1F603C2}.Release|x86.Build.0 = Release|Any CPU
		{7AEE19FA-A4F8-4ACA-9E39-401AA1F603C2}.Steam|Any CPU.ActiveCfg = Debug|Any CPU
		{7AEE19FA-A4F8-4ACA-9E39-401AA1F603C2}.Steam|Any CPU.Build.0 = Debug|Any CPU
		{7AEE19FA-A4F8-4ACA-9E39-401AA1F603C2}.Steam|x64.ActiveCfg = Debug|Any CPU
		{7AEE19FA-A4F8-4ACA-9E39-401AA1F603C2}.Steam|x64.Build.0 = Debug|Any CPU
		{7AEE19FA-A4F8-4ACA-9E39-401AA1F603C2}.Steam|x86.ActiveCfg = Debug|Any CPU
		{7AEE19FA-A4F8-4ACA-9E39-401AA1F603C2}.Steam|x86.Build.0 = Debug|Any CPU
	EndGlobalSection
	GlobalSection(SolutionProperties) = preSolution
		HideSolutionNode = FALSE
	EndGlobalSection
	GlobalSection(ExtensibilityGlobals) = postSolution
		SolutionGuid = {D04B4AB0-CA33-42FD-A909-79966F9255C5}
	EndGlobalSection
EndGlobal
